// !$*UTF8*$!
{
	archiveVersion = 1;
	classes = {
	};
	objectVersion = 46;
	objects = {

/* Begin PBXBuildFile section */
		1D3623EC0D0F72F000981E51 /* CoreGraphics.framework in Frameworks */ = {isa = PBXBuildFile; fileRef = 1D3623EB0D0F72F000981E51 /* CoreGraphics.framework */; };
		1D60589B0D05DD56006BFB54 /* main.m in Sources */ = {isa = PBXBuildFile; fileRef = 29B97316FDCFA39411CA2CEA /* main.m */; };
		1D60589E0D05DD5A006BFB54 /* CoreFoundation.framework in Frameworks */ = {isa = PBXBuildFile; fileRef = 1DC4B2650D05D9C8003A8154 /* CoreFoundation.framework */; };
		1DF5F4E00D08C38300B7A737 /* UIKit.framework in Frameworks */ = {isa = PBXBuildFile; fileRef = 1DF5F4DF0D08C38300B7A737 /* UIKit.framework */; };
		531F16A70D6367A3003D33FB /* PageTwoViewController.m in Sources */ = {isa = PBXBuildFile; fileRef = 531F16970D6367A3003D33FB /* PageTwoViewController.m */; };
		531F16A80D6367A3003D33FB /* PageOneViewController.m in Sources */ = {isa = PBXBuildFile; fileRef = 531F16980D6367A3003D33FB /* PageOneViewController.m */; };
		531F16A90D6367A3003D33FB /* AppDelegate.m in Sources */ = {isa = PBXBuildFile; fileRef = 531F16990D6367A3003D33FB /* AppDelegate.m */; };
		531F16AA0D6367A3003D33FB /* PageThreeViewController.m in Sources */ = {isa = PBXBuildFile; fileRef = 531F169C0D6367A3003D33FB /* PageThreeViewController.m */; };
		537204D70DC28C260048CDA2 /* MainWindow.xib in Resources */ = {isa = PBXBuildFile; fileRef = 537204CE0DC28C260048CDA2 /* MainWindow.xib */; };
		537204DE0DC28C310048CDA2 /* Localizable.strings in Resources */ = {isa = PBXBuildFile; fileRef = 537204DA0DC28C310048CDA2 /* Localizable.strings */; };
		537204DF0DC28C310048CDA2 /* InfoPlist.strings in Resources */ = {isa = PBXBuildFile; fileRef = 537204DC0DC28C310048CDA2 /* InfoPlist.strings */; };
		538F313D0D9D5E6A0064A664 /* PageFiveViewController.m in Sources */ = {isa = PBXBuildFile; fileRef = 538F313C0D9D5E6A0064A664 /* PageFiveViewController.m */; };
		53A79EB90D70DF2A005FAC2C /* PageFourViewController.m in Sources */ = {isa = PBXBuildFile; fileRef = 53A79EB80D70DF2A005FAC2C /* PageFourViewController.m */; };
		53D090D90FA2391E00BB0543 /* Foundation.framework in Frameworks */ = {isa = PBXBuildFile; fileRef = 1D30AB110D05D00D00671497 /* Foundation.framework */; };
		C40DC49111EC04FB009B0E8A /* PageNineViewController.m in Sources */ = {isa = PBXBuildFile; fileRef = C40DC48F11EC04FB009B0E8A /* PageNineViewController.m */; };
		C42BAF9C11BF316200D9F604 /* infoViewController.m in Sources */ = {isa = PBXBuildFile; fileRef = C42BAF9B11BF316200D9F604 /* infoViewController.m */; };
		C42BAFA811BF363000D9F604 /* TipsViewController.m in Sources */ = {isa = PBXBuildFile; fileRef = C42BAFA611BF363000D9F604 /* TipsViewController.m */; };
		C42BAFAD11BF363D00D9F604 /* DirectionsViewController.m in Sources */ = {isa = PBXBuildFile; fileRef = C42BAFAB11BF363D00D9F604 /* DirectionsViewController.m */; };
		C42BAFB211BF364900D9F604 /* HelpViewController.m in Sources */ = {isa = PBXBuildFile; fileRef = C42BAFB011BF364900D9F604 /* HelpViewController.m */; };
		C42BAFB711BF365400D9F604 /* AboutViewController.m in Sources */ = {isa = PBXBuildFile; fileRef = C42BAFB511BF365400D9F604 /* AboutViewController.m */; };
		C42BAFBC11BF365D00D9F604 /* HoursViewController.m in Sources */ = {isa = PBXBuildFile; fileRef = C42BAFBA11BF365D00D9F604 /* HoursViewController.m */; };
		C432D96C1209024D00D62684 /* DirectionsViewController.xib in Resources */ = {isa = PBXBuildFile; fileRef = C432D9671209024D00D62684 /* DirectionsViewController.xib */; };
		C432D96D1209024D00D62684 /* HelpViewController.xib in Resources */ = {isa = PBXBuildFile; fileRef = C432D9681209024D00D62684 /* HelpViewController.xib */; };
		C432D96E1209024D00D62684 /* AboutViewController.xib in Resources */ = {isa = PBXBuildFile; fileRef = C432D9691209024D00D62684 /* AboutViewController.xib */; };
		C432D96F1209024D00D62684 /* HoursViewController.xib in Resources */ = {isa = PBXBuildFile; fileRef = C432D96A1209024D00D62684 /* HoursViewController.xib */; };
		C432D9701209024D00D62684 /* TipsViewController.xib in Resources */ = {isa = PBXBuildFile; fileRef = C432D96B1209024D00D62684 /* TipsViewController.xib */; };
		C432D9731209026300D62684 /* PageSixViewController.xib in Resources */ = {isa = PBXBuildFile; fileRef = C432D9711209026300D62684 /* PageSixViewController.xib */; };
		C432D9741209026300D62684 /* PageSevenViewController.xib in Resources */ = {isa = PBXBuildFile; fileRef = C432D9721209026300D62684 /* PageSevenViewController.xib */; };
		C432D9CE1209072300D62684 /* tableViewController.m in Sources */ = {isa = PBXBuildFile; fileRef = C432D9CD1209072300D62684 /* tableViewController.m */; };
		C432D9D61209074A00D62684 /* nolahtable1.png in Resources */ = {isa = PBXBuildFile; fileRef = C432D9CF1209074A00D62684 /* nolahtable1.png */; };
		C432D9D71209074A00D62684 /* nolahtable2.png in Resources */ = {isa = PBXBuildFile; fileRef = C432D9D01209074A00D62684 /* nolahtable2.png */; };
		C432D9D81209074A00D62684 /* nolahtable3.png in Resources */ = {isa = PBXBuildFile; fileRef = C432D9D11209074A00D62684 /* nolahtable3.png */; };
		C432D9DA1209074A00D62684 /* nolahtable5.png in Resources */ = {isa = PBXBuildFile; fileRef = C432D9D31209074A00D62684 /* nolahtable5.png */; };
		C432D9DB1209074A00D62684 /* nolahtable6.png in Resources */ = {isa = PBXBuildFile; fileRef = C432D9D41209074A00D62684 /* nolahtable6.png */; };
		C432D9DC1209074A00D62684 /* nolahtable7.png in Resources */ = {isa = PBXBuildFile; fileRef = C432D9D51209074A00D62684 /* nolahtable7.png */; };
		C432D9F8120CF1E100D62684 /* PageOneViewController.xib in Resources */ = {isa = PBXBuildFile; fileRef = C432D9F7120CF1E100D62684 /* PageOneViewController.xib */; };
		C432D9FC120CF22700D62684 /* PageTwoViewController.xib in Resources */ = {isa = PBXBuildFile; fileRef = C432D9FB120CF22700D62684 /* PageTwoViewController.xib */; };
		C432D9FF120CF26300D62684 /* PageThreeViewController.xib in Resources */ = {isa = PBXBuildFile; fileRef = C432D9FE120CF26300D62684 /* PageThreeViewController.xib */; };
		C432DA02120CF3C500D62684 /* PageFourViewController.xib in Resources */ = {isa = PBXBuildFile; fileRef = C432DA01120CF3C500D62684 /* PageFourViewController.xib */; };
		C432DA05120CF42D00D62684 /* PageFiveViewController.xib in Resources */ = {isa = PBXBuildFile; fileRef = C432DA04120CF42D00D62684 /* PageFiveViewController.xib */; };
		C432DA6A120CFB1700D62684 /* Seance Lounge.png in Resources */ = {isa = PBXBuildFile; fileRef = C432DA40120CFB1700D62684 /* Seance Lounge.png */; };
		C432DA77120CFB1700D62684 /* Statue of Jesus1.png in Resources */ = {isa = PBXBuildFile; fileRef = C432DA4D120CFB1700D62684 /* Statue of Jesus1.png */; };
		C432DA89120CFB1700D62684 /* Jean Lafitte.png in Resources */ = {isa = PBXBuildFile; fileRef = C432DA5F120CFB1700D62684 /* Jean Lafitte.png */; };
		C432DA8B120CFB1700D62684 /* Old Absinthe Fire.png in Resources */ = {isa = PBXBuildFile; fileRef = C432DA61120CFB1700D62684 /* Old Absinthe Fire.png */; };
		C432DACC120D03FA00D62684 /* nolahtable8.png in Resources */ = {isa = PBXBuildFile; fileRef = C432DACB120D03FA00D62684 /* nolahtable8.png */; };
		C432DACE120D040400D62684 /* nolahtable10.png in Resources */ = {isa = PBXBuildFile; fileRef = C432DACD120D040400D62684 /* nolahtable10.png */; };
		C432DAD6120D044400D62684 /* Kerry Exterior.png in Resources */ = {isa = PBXBuildFile; fileRef = C432DAD2120D044400D62684 /* Kerry Exterior.png */; };
		C44328361906F1DF0075D84A /* back12.png in Resources */ = {isa = PBXBuildFile; fileRef = C44328351906F1DF0075D84A /* back12.png */; };
		C44328381906F1ED0075D84A /* forward12.png in Resources */ = {isa = PBXBuildFile; fileRef = C44328371906F1ED0075D84A /* forward12.png */; };
		C443283A1906F8940075D84A /* PinDRed10.png in Resources */ = {isa = PBXBuildFile; fileRef = C44328391906F8940075D84A /* PinDRed10.png */; };
		C443283C1906FD0B0075D84A /* Ernest Hemingway.png in Resources */ = {isa = PBXBuildFile; fileRef = C443283B1906FD0B0075D84A /* Ernest Hemingway.png */; };
		C443283E1906FD1A0075D84A /* Tennessee Williams.png in Resources */ = {isa = PBXBuildFile; fileRef = C443283D1906FD1A0075D84A /* Tennessee Williams.png */; };
		C44328401906FD3B0075D84A /* Monteleone entrance.png in Resources */ = {isa = PBXBuildFile; fileRef = C443283F1906FD3B0075D84A /* Monteleone entrance.png */; };
		C44328421906FD460075D84A /* Monteleone clock.png in Resources */ = {isa = PBXBuildFile; fileRef = C44328411906FD460075D84A /* Monteleone clock.png */; };
		C44328441906FD5A0075D84A /* Carousel Bar.png in Resources */ = {isa = PBXBuildFile; fileRef = C44328431906FD5A0075D84A /* Carousel Bar.png */; };
		C44328481907F3C50075D84A /* PageTenViewController.m in Sources */ = {isa = PBXBuildFile; fileRef = C44328461907F3C50075D84A /* PageTenViewController.m */; };
		C44328491907F3C50075D84A /* PageTenViewController.xib in Resources */ = {isa = PBXBuildFile; fileRef = C44328471907F3C50075D84A /* PageTenViewController.xib */; };
		C443284B1907F5EA0075D84A /* nolac7.mp3 in Resources */ = {isa = PBXBuildFile; fileRef = C443284A1907F5EA0075D84A /* nolac7.mp3 */; };
		C443284D1907F5F50075D84A /* nolac8.mp3 in Resources */ = {isa = PBXBuildFile; fileRef = C443284C1907F5F50075D84A /* nolac8.mp3 */; };
		C443284F1907F6040075D84A /* nolac9.mp3 in Resources */ = {isa = PBXBuildFile; fileRef = C443284E1907F6040075D84A /* nolac9.mp3 */; };
		C44328511907F60E0075D84A /* nolac6.mp3 in Resources */ = {isa = PBXBuildFile; fileRef = C44328501907F60E0075D84A /* nolac6.mp3 */; };
		C44328531907F61B0075D84A /* nolac10.mp3 in Resources */ = {isa = PBXBuildFile; fileRef = C44328521907F61B0075D84A /* nolac10.mp3 */; };
		C44328551907F6290075D84A /* nolac1.mp3 in Resources */ = {isa = PBXBuildFile; fileRef = C44328541907F6290075D84A /* nolac1.mp3 */; };
		C44328571907F6320075D84A /* nolac2.mp3 in Resources */ = {isa = PBXBuildFile; fileRef = C44328561907F6320075D84A /* nolac2.mp3 */; };
		C44328591907F63E0075D84A /* nolac5.mp3 in Resources */ = {isa = PBXBuildFile; fileRef = C44328581907F63E0075D84A /* nolac5.mp3 */; };
		C443285B1907F6480075D84A /* nolac3.mp3 in Resources */ = {isa = PBXBuildFile; fileRef = C443285A1907F6480075D84A /* nolac3.mp3 */; };
		C443285F1907FF3A0075D84A /* nolahtable9.png in Resources */ = {isa = PBXBuildFile; fileRef = C443285E1907FF3A0075D84A /* nolahtable9.png */; };
		C44328611907FF9C0075D84A /* icon40.png in Resources */ = {isa = PBXBuildFile; fileRef = C44328601907FF9C0075D84A /* icon40.png */; };
		C44328631907FFAB0075D84A /* icon58.png in Resources */ = {isa = PBXBuildFile; fileRef = C44328621907FFAB0075D84A /* icon58.png */; };
		C44328651907FFB70075D84A /* icon76.png in Resources */ = {isa = PBXBuildFile; fileRef = C44328641907FFB70075D84A /* icon76.png */; };
		C44328671907FFC10075D84A /* icon80.png in Resources */ = {isa = PBXBuildFile; fileRef = C44328661907FFC10075D84A /* icon80.png */; };
		C44328691907FFCC0075D84A /* icon120.png in Resources */ = {isa = PBXBuildFile; fileRef = C44328681907FFCC0075D84A /* icon120.png */; };
		C443286B1907FFD60075D84A /* icon152.png in Resources */ = {isa = PBXBuildFile; fileRef = C443286A1907FFD60075D84A /* icon152.png */; };
		C443286F190806E30075D84A /* Truman Capote.png in Resources */ = {isa = PBXBuildFile; fileRef = C443286E190806E30075D84A /* Truman Capote.png */; };
		C443287119082F720075D84A /* Default-568h@2x.png in Resources */ = {isa = PBXBuildFile; fileRef = C443287019082F720075D84A /* Default-568h@2x.png */; };
		C443287319082F7D0075D84A /* Default.png in Resources */ = {isa = PBXBuildFile; fileRef = C443287219082F7D0075D84A /* Default.png */; };
		C451BAD7167639AA00EE2488 /* Alibi@2x.png in Resources */ = {isa = PBXBuildFile; fileRef = C451BAD6167639AA00EE2488 /* Alibi@2x.png */; };
		C451BAD9167639C700EE2488 /* Absinthe Fireplace@2x.png in Resources */ = {isa = PBXBuildFile; fileRef = C451BAD8167639C700EE2488 /* Absinthe Fireplace@2x.png */; };
		C451BADD167639F900EE2488 /* Charm Gate Sign@2x.png in Resources */ = {isa = PBXBuildFile; fileRef = C451BADC167639F900EE2488 /* Charm Gate Sign@2x.png */; };
		C451BAE116763A9800EE2488 /* Charm Gate@2x.png in Resources */ = {isa = PBXBuildFile; fileRef = C451BAE016763A9800EE2488 /* Charm Gate@2x.png */; };
		C451BAE316763ABA00EE2488 /* Court of Two Sisters@2x.png in Resources */ = {isa = PBXBuildFile; fileRef = C451BAE216763ABA00EE2488 /* Court of Two Sisters@2x.png */; };
		C451BAE516763B2200EE2488 /* Faulkner House Books@2x.png in Resources */ = {isa = PBXBuildFile; fileRef = C451BAE416763B2200EE2488 /* Faulkner House Books@2x.png */; };
		C451BAF516763BEF00EE2488 /* infoscreenbottles@2x.png in Resources */ = {isa = PBXBuildFile; fileRef = C451BAF416763BEF00EE2488 /* infoscreenbottles@2x.png */; };
		C451BAF716763BFC00EE2488 /* InfoScreen.png in Resources */ = {isa = PBXBuildFile; fileRef = C451BAF616763BFB00EE2488 /* InfoScreen.png */; };
		C451BAF916763C0400EE2488 /* InfoScreen@2x.png in Resources */ = {isa = PBXBuildFile; fileRef = C451BAF816763C0300EE2488 /* InfoScreen@2x.png */; };
		C451BAFB16763C2200EE2488 /* Kerry Pub interior.png in Resources */ = {isa = PBXBuildFile; fileRef = C451BAFA16763C2200EE2488 /* Kerry Pub interior.png */; };
		C451BAFD16763C2E00EE2488 /* Kerry Pub@2x.png in Resources */ = {isa = PBXBuildFile; fileRef = C451BAFC16763C2E00EE2488 /* Kerry Pub@2x.png */; };
		C451BB0116763D3300EE2488 /* The Lafitte Brothers.png in Resources */ = {isa = PBXBuildFile; fileRef = C451BB0016763D3200EE2488 /* The Lafitte Brothers.png */; };
		C451BB0316763D6F00EE2488 /* Lafitte's Blacksmith Shop@2x.png in Resources */ = {isa = PBXBuildFile; fileRef = C451BB0216763D6D00EE2488 /* Lafitte's Blacksmith Shop@2x.png */; };
		C451BB0516763D7F00EE2488 /* Lafitte's Fireplace@2x.png in Resources */ = {isa = PBXBuildFile; fileRef = C451BB0416763D7E00EE2488 /* Lafitte's Fireplace@2x.png */; };
		C451BB0716763DEB00EE2488 /* Muriel's Balcony.png in Resources */ = {isa = PBXBuildFile; fileRef = C451BB0616763DEA00EE2488 /* Muriel's Balcony.png */; };
		C451BB0916763DF600EE2488 /* Muriel's Seance Lounge.png in Resources */ = {isa = PBXBuildFile; fileRef = C451BB0816763DF500EE2488 /* Muriel's Seance Lounge.png */; };
		C451BB0B16763E0100EE2488 /* Muriel's@2x.png in Resources */ = {isa = PBXBuildFile; fileRef = C451BB0A16763E0000EE2488 /* Muriel's@2x.png */; };
		C451BB0F16763E3100EE2488 /* Old Absinthe House@2x.png in Resources */ = {isa = PBXBuildFile; fileRef = C451BB0E16763E3100EE2488 /* Old Absinthe House@2x.png */; };
		C451BB1116763E4300EE2488 /* Pat O's Bathroom@2x.png in Resources */ = {isa = PBXBuildFile; fileRef = C451BB1016763E4200EE2488 /* Pat O's Bathroom@2x.png */; };
		C451BB1316763E7800EE2488 /* Pat O's Courtyard@2x.png in Resources */ = {isa = PBXBuildFile; fileRef = C451BB1216763E7700EE2488 /* Pat O's Courtyard@2x.png */; };
		C451BB1516763EA500EE2488 /* Pat O'Brien's.png in Resources */ = {isa = PBXBuildFile; fileRef = C451BB1416763EA400EE2488 /* Pat O'Brien's.png */; };
		C451BB1916763EFE00EE2488 /* Piano Bar@2x.png in Resources */ = {isa = PBXBuildFile; fileRef = C451BB1816763EFD00EE2488 /* Piano Bar@2x.png */; };
		C451BB1B16763F0B00EE2488 /* Pirate's Alley Cafe@2x.png in Resources */ = {isa = PBXBuildFile; fileRef = C451BB1A16763F0A00EE2488 /* Pirate's Alley Cafe@2x.png */; };
		C451BB1D16763F1B00EE2488 /* Pirate's Alley Lamp Post@2x.png in Resources */ = {isa = PBXBuildFile; fileRef = C451BB1C16763F1A00EE2488 /* Pirate's Alley Lamp Post@2x.png */; };
		C451BB2116763F5500EE2488 /* Statue of Jesus.png in Resources */ = {isa = PBXBuildFile; fileRef = C451BB2016763F5400EE2488 /* Statue of Jesus.png */; };
		C485162311AE1A6B00549246 /* AVFoundation.framework in Frameworks */ = {isa = PBXBuildFile; fileRef = C485162211AE1A6B00549246 /* AVFoundation.framework */; };
		C485162D11AE1A7C00549246 /* MapKit.framework in Frameworks */ = {isa = PBXBuildFile; fileRef = C485162C11AE1A7C00549246 /* MapKit.framework */; };
		C485172B11AF5C6100549246 /* mapViewController.m in Sources */ = {isa = PBXBuildFile; fileRef = C485172A11AF5C6100549246 /* mapViewController.m */; };
		C485173011AF5C6F00549246 /* wwAnnotation.m in Sources */ = {isa = PBXBuildFile; fileRef = C485172D11AF5C6F00549246 /* wwAnnotation.m */; };
		C485173111AF5C6F00549246 /* wwAnnotationView.m in Sources */ = {isa = PBXBuildFile; fileRef = C485172F11AF5C6F00549246 /* wwAnnotationView.m */; };
		C485173B11AF5C7900549246 /* PinDRed1.png in Resources */ = {isa = PBXBuildFile; fileRef = C485173311AF5C7900549246 /* PinDRed1.png */; };
		C485173C11AF5C7900549246 /* PinDRed2.png in Resources */ = {isa = PBXBuildFile; fileRef = C485173411AF5C7900549246 /* PinDRed2.png */; };
		C485173D11AF5C7900549246 /* PinDRed3.png in Resources */ = {isa = PBXBuildFile; fileRef = C485173511AF5C7900549246 /* PinDRed3.png */; };
		C485173E11AF5C7900549246 /* PinDRed4.png in Resources */ = {isa = PBXBuildFile; fileRef = C485173611AF5C7900549246 /* PinDRed4.png */; };
		C485173F11AF5C7900549246 /* PinDRed5.png in Resources */ = {isa = PBXBuildFile; fileRef = C485173711AF5C7900549246 /* PinDRed5.png */; };
		C485174011AF5C7900549246 /* PinDRed6.png in Resources */ = {isa = PBXBuildFile; fileRef = C485173811AF5C7900549246 /* PinDRed6.png */; };
		C485174111AF5C7900549246 /* PinDRed7.png in Resources */ = {isa = PBXBuildFile; fileRef = C485173911AF5C7900549246 /* PinDRed7.png */; };
		C485174211AF5C7900549246 /* PinDRed8.png in Resources */ = {isa = PBXBuildFile; fileRef = C485173A11AF5C7900549246 /* PinDRed8.png */; };
		C485183B11B0A40500549246 /* Playbutton.png in Resources */ = {isa = PBXBuildFile; fileRef = C485183A11B0A40500549246 /* Playbutton.png */; };
		C485183D11B0A40F00549246 /* pausebutton.png in Resources */ = {isa = PBXBuildFile; fileRef = C485183C11B0A40F00549246 /* pausebutton.png */; };
		C485184011B0A41C00549246 /* bp_btn1.png in Resources */ = {isa = PBXBuildFile; fileRef = C485183E11B0A41C00549246 /* bp_btn1.png */; };
		C485184111B0A41C00549246 /* bp_btn2.png in Resources */ = {isa = PBXBuildFile; fileRef = C485183F11B0A41C00549246 /* bp_btn2.png */; };
		C485184311B0A42B00549246 /* volume_up.png in Resources */ = {isa = PBXBuildFile; fileRef = C485184211B0A42B00549246 /* volume_up.png */; };
		C485184611B0A43B00549246 /* Infobutton.png in Resources */ = {isa = PBXBuildFile; fileRef = C485184411B0A43B00549246 /* Infobutton.png */; };
		C4851B2011B4864000549246 /* TableViewIcon.png in Resources */ = {isa = PBXBuildFile; fileRef = C4851B1F11B4864000549246 /* TableViewIcon.png */; };
		C4851B2211B4864A00549246 /* MapViewIcon.png in Resources */ = {isa = PBXBuildFile; fileRef = C4851B2111B4864A00549246 /* MapViewIcon.png */; };
		C4851C5411B5E14B00549246 /* PageSixViewController.m in Sources */ = {isa = PBXBuildFile; fileRef = C4851C5211B5E14B00549246 /* PageSixViewController.m */; };
		C4851C6711B5E19800549246 /* PageSevenViewController.m in Sources */ = {isa = PBXBuildFile; fileRef = C4851C6511B5E19800549246 /* PageSevenViewController.m */; };
		C4851C6811B5E19800549246 /* PageEightViewController.xib in Resources */ = {isa = PBXBuildFile; fileRef = C4851C6611B5E19800549246 /* PageEightViewController.xib */; };
		C4A5B8E011CC5D2C00BDE06F /* PageEightViewController.m in Sources */ = {isa = PBXBuildFile; fileRef = C4A5B8DE11CC5D2C00BDE06F /* PageEightViewController.m */; };
		C4A5B8E111CC5D2C00BDE06F /* PageNineViewController.xib in Resources */ = {isa = PBXBuildFile; fileRef = C4A5B8DF11CC5D2C00BDE06F /* PageNineViewController.xib */; };
		C4ACC8681CECD970003A2196 /* nolac4.mp3 in Resources */ = {isa = PBXBuildFile; fileRef = C4ACC8671CECD970003A2196 /* nolac4.mp3 */; };
		C4ACC86A1CECDADE003A2196 /* Port Burgerold.png in Resources */ = {isa = PBXBuildFile; fileRef = C4ACC8691CECDADE003A2196 /* Port Burgerold.png */; };
		C4ACC86C1CECDAEC003A2196 /* Port Burgersm.png in Resources */ = {isa = PBXBuildFile; fileRef = C4ACC86B1CECDAEC003A2196 /* Port Burgersm.png */; };
		C4ACC86E1CECDAF9003A2196 /* Port St Peter.png in Resources */ = {isa = PBXBuildFile; fileRef = C4ACC86D1CECDAF9003A2196 /* Port St Peter.png */; };
		C4ACC8701CECDB07003A2196 /* PortStPetersmall.png in Resources */ = {isa = PBXBuildFile; fileRef = C4ACC86F1CECDB07003A2196 /* PortStPetersmall.png */; };
		C4ACC8741CEE4EDE003A2196 /* Alibi Bloody Mary.png in Resources */ = {isa = PBXBuildFile; fileRef = C4ACC8731CEE4EDD003A2196 /* Alibi Bloody Mary.png */; };
		C4ACC8761CEE4EF4003A2196 /* Irish Coffee.png in Resources */ = {isa = PBXBuildFile; fileRef = C4ACC8751CEE4EF4003A2196 /* Irish Coffee.png */; };
		C4ACC8781CEE4F0D003A2196 /* Port Burger.png in Resources */ = {isa = PBXBuildFile; fileRef = C4ACC8771CEE4F0D003A2196 /* Port Burger.png */; };
		C4ACC87A1CEE4F1C003A2196 /* Two Sisters courtyard.png in Resources */ = {isa = PBXBuildFile; fileRef = C4ACC8791CEE4F1C003A2196 /* Two Sisters courtyard.png */; };
		C4ACC87C1CEE5058003A2196 /* nolahtable4.png in Resources */ = {isa = PBXBuildFile; fileRef = C4ACC87B1CEE5058003A2196 /* nolahtable4.png */; };
		C4B1D0F511F3890500F3ACDA /* PinDRed9.png in Resources */ = {isa = PBXBuildFile; fileRef = C4B1D0F111F3890500F3ACDA /* PinDRed9.png */; };
		C4C351F61677B3A70077F109 /* Default-568h@2xold.png in Resources */ = {isa = PBXBuildFile; fileRef = C4C351F51677B3A70077F109 /* Default-568h@2xold.png */; };
		C4E93FB011BAB87F0021141A /* LargePhotoViewController.m in Sources */ = {isa = PBXBuildFile; fileRef = C4E93FAF11BAB87F0021141A /* LargePhotoViewController.m */; };
		C4FC363E1676936C00CF7AD2 /* Icon-small.png in Resources */ = {isa = PBXBuildFile; fileRef = C4FC363D1676936C00CF7AD2 /* Icon-small.png */; };
		C4FC36401676937500CF7AD2 /* Icon-small-50.png in Resources */ = {isa = PBXBuildFile; fileRef = C4FC363F1676937500CF7AD2 /* Icon-small-50.png */; };
		C4FC36421676938000CF7AD2 /* Icon.png in Resources */ = {isa = PBXBuildFile; fileRef = C4FC36411676938000CF7AD2 /* Icon.png */; };
		C4FC36441676938900CF7AD2 /* Icon-72.png in Resources */ = {isa = PBXBuildFile; fileRef = C4FC36431676938900CF7AD2 /* Icon-72.png */; };
		C4FC36461676939700CF7AD2 /* Icon@2x.png in Resources */ = {isa = PBXBuildFile; fileRef = C4FC36451676939700CF7AD2 /* Icon@2x.png */; };
		C4FC3648167693A500CF7AD2 /* Icon-72@2x.png in Resources */ = {isa = PBXBuildFile; fileRef = C4FC3647167693A500CF7AD2 /* Icon-72@2x.png */; };
		C4FC364A167693B000CF7AD2 /* iTunesArtwork.png in Resources */ = {isa = PBXBuildFile; fileRef = C4FC3649167693B000CF7AD2 /* iTunesArtwork.png */; };
		C4FC364C167693D200CF7AD2 /* iTunesArtwork@2x.png in Resources */ = {isa = PBXBuildFile; fileRef = C4FC364B167693D200CF7AD2 /* iTunesArtwork@2x.png */; };
		C4FC364E1676950C00CF7AD2 /* Icon114.png in Resources */ = {isa = PBXBuildFile; fileRef = C4FC364D1676950C00CF7AD2 /* Icon114.png */; };
		C4FC36501677A44200CF7AD2 /* InfoScreen-568h@2x.png in Resources */ = {isa = PBXBuildFile; fileRef = C4FC364F1677A44200CF7AD2 /* InfoScreen-568h@2x.png */; };
/* End PBXBuildFile section */

/* Begin PBXFileReference section */
		1D30AB110D05D00D00671497 /* Foundation.framework */ = {isa = PBXFileReference; lastKnownFileType = wrapper.framework; name = Foundation.framework; path = System/Library/Frameworks/Foundation.framework; sourceTree = SDKROOT; };
		1D3623EB0D0F72F000981E51 /* CoreGraphics.framework */ = {isa = PBXFileReference; lastKnownFileType = wrapper.framework; name = CoreGraphics.framework; path = System/Library/Frameworks/CoreGraphics.framework; sourceTree = SDKROOT; };
		1DC4B2650D05D9C8003A8154 /* CoreFoundation.framework */ = {isa = PBXFileReference; lastKnownFileType = wrapper.framework; name = CoreFoundation.framework; path = System/Library/Frameworks/CoreFoundation.framework; sourceTree = SDKROOT; };
		1DF5F4DF0D08C38300B7A737 /* UIKit.framework */ = {isa = PBXFileReference; lastKnownFileType = wrapper.framework; name = UIKit.framework; path = System/Library/Frameworks/UIKit.framework; sourceTree = SDKROOT; };
		29B97316FDCFA39411CA2CEA /* main.m */ = {isa = PBXFileReference; fileEncoding = 4; lastKnownFileType = sourcecode.c.objc; path = main.m; sourceTree = "<group>"; };
		531F16910D63677B003D33FB /* Prefix.pch */ = {isa = PBXFileReference; fileEncoding = 4; lastKnownFileType = sourcecode.c.h; path = Prefix.pch; sourceTree = "<group>"; };
		531F16970D6367A3003D33FB /* PageTwoViewController.m */ = {isa = PBXFileReference; fileEncoding = 4; lastKnownFileType = sourcecode.c.objc; path = PageTwoViewController.m; sourceTree = "<group>"; };
		531F16980D6367A3003D33FB /* PageOneViewController.m */ = {isa = PBXFileReference; fileEncoding = 4; lastKnownFileType = sourcecode.c.objc; path = PageOneViewController.m; sourceTree = "<group>"; };
		531F16990D6367A3003D33FB /* AppDelegate.m */ = {isa = PBXFileReference; fileEncoding = 4; lastKnownFileType = sourcecode.c.objc; path = AppDelegate.m; sourceTree = "<group>"; };
		531F169C0D6367A3003D33FB /* PageThreeViewController.m */ = {isa = PBXFileReference; fileEncoding = 4; lastKnownFileType = sourcecode.c.objc; path = PageThreeViewController.m; sourceTree = "<group>"; };
		531F169E0D6367A3003D33FB /* PageTwoViewController.h */ = {isa = PBXFileReference; fileEncoding = 4; lastKnownFileType = sourcecode.c.h; path = PageTwoViewController.h; sourceTree = "<group>"; };
		531F169F0D6367A3003D33FB /* Constants.h */ = {isa = PBXFileReference; fileEncoding = 4; lastKnownFileType = sourcecode.c.h; path = Constants.h; sourceTree = "<group>"; };
		531F16A00D6367A3003D33FB /* PageOneViewController.h */ = {isa = PBXFileReference; fileEncoding = 4; lastKnownFileType = sourcecode.c.h; path = PageOneViewController.h; sourceTree = "<group>"; };
		531F16A10D6367A3003D33FB /* PageThreeViewController.h */ = {isa = PBXFileReference; fileEncoding = 4; lastKnownFileType = sourcecode.c.h; path = PageThreeViewController.h; sourceTree = "<group>"; };
		531F16A40D6367A3003D33FB /* AppDelegate.h */ = {isa = PBXFileReference; fileEncoding = 4; lastKnownFileType = sourcecode.c.h; path = AppDelegate.h; sourceTree = "<group>"; };
		537204CF0DC28C260048CDA2 /* en */ = {isa = PBXFileReference; lastKnownFileType = file.xib; name = en; path = en.lproj/MainWindow.xib; sourceTree = "<group>"; };
		537204DB0DC28C310048CDA2 /* en */ = {isa = PBXFileReference; fileEncoding = 4; lastKnownFileType = text.plist.strings; name = en; path = en.lproj/Localizable.strings; sourceTree = "<group>"; };
		537204DD0DC28C310048CDA2 /* en */ = {isa = PBXFileReference; fileEncoding = 4; lastKnownFileType = text.plist.strings; name = en; path = en.lproj/InfoPlist.strings; sourceTree = "<group>"; };
		538F313B0D9D5E6A0064A664 /* PageFiveViewController.h */ = {isa = PBXFileReference; fileEncoding = 4; lastKnownFileType = sourcecode.c.h; path = PageFiveViewController.h; sourceTree = "<group>"; };
		538F313C0D9D5E6A0064A664 /* PageFiveViewController.m */ = {isa = PBXFileReference; fileEncoding = 4; lastKnownFileType = sourcecode.c.objc; path = PageFiveViewController.m; sourceTree = "<group>"; };
		539C376E0DB8003400A5E2BB /* ReadMe.txt */ = {isa = PBXFileReference; fileEncoding = 4; lastKnownFileType = text; path = ReadMe.txt; sourceTree = "<group>"; wrapsLines = 1; };
		53A79EB70D70DF2A005FAC2C /* PageFourViewController.h */ = {isa = PBXFileReference; fileEncoding = 4; lastKnownFileType = sourcecode.c.h; path = PageFourViewController.h; sourceTree = "<group>"; };
		53A79EB80D70DF2A005FAC2C /* PageFourViewController.m */ = {isa = PBXFileReference; fileEncoding = 4; lastKnownFileType = sourcecode.c.objc; path = PageFourViewController.m; sourceTree = "<group>"; };
		8D1107310486CEB800E47090 /* Info.plist */ = {isa = PBXFileReference; fileEncoding = 4; lastKnownFileType = text.plist.xml; path = Info.plist; sourceTree = "<group>"; };
		C40DC48E11EC04FB009B0E8A /* PageNineViewController.h */ = {isa = PBXFileReference; fileEncoding = 4; lastKnownFileType = sourcecode.c.h; path = PageNineViewController.h; sourceTree = "<group>"; };
		C40DC48F11EC04FB009B0E8A /* PageNineViewController.m */ = {isa = PBXFileReference; fileEncoding = 4; lastKnownFileType = sourcecode.c.objc; path = PageNineViewController.m; sourceTree = "<group>"; };
		C42BAF9A11BF316200D9F604 /* infoViewController.h */ = {isa = PBXFileReference; fileEncoding = 4; lastKnownFileType = sourcecode.c.h; path = infoViewController.h; sourceTree = "<group>"; };
		C42BAF9B11BF316200D9F604 /* infoViewController.m */ = {isa = PBXFileReference; fileEncoding = 4; lastKnownFileType = sourcecode.c.objc; path = infoViewController.m; sourceTree = "<group>"; };
		C42BAFA511BF363000D9F604 /* TipsViewController.h */ = {isa = PBXFileReference; fileEncoding = 4; lastKnownFileType = sourcecode.c.h; path = TipsViewController.h; sourceTree = "<group>"; };
		C42BAFA611BF363000D9F604 /* TipsViewController.m */ = {isa = PBXFileReference; fileEncoding = 4; lastKnownFileType = sourcecode.c.objc; path = TipsViewController.m; sourceTree = "<group>"; };
		C42BAFAA11BF363D00D9F604 /* DirectionsViewController.h */ = {isa = PBXFileReference; fileEncoding = 4; lastKnownFileType = sourcecode.c.h; path = DirectionsViewController.h; sourceTree = "<group>"; };
		C42BAFAB11BF363D00D9F604 /* DirectionsViewController.m */ = {isa = PBXFileReference; fileEncoding = 4; lastKnownFileType = sourcecode.c.objc; path = DirectionsViewController.m; sourceTree = "<group>"; };
		C42BAFAF11BF364900D9F604 /* HelpViewController.h */ = {isa = PBXFileReference; fileEncoding = 4; lastKnownFileType = sourcecode.c.h; path = HelpViewController.h; sourceTree = "<group>"; };
		C42BAFB011BF364900D9F604 /* HelpViewController.m */ = {isa = PBXFileReference; fileEncoding = 4; lastKnownFileType = sourcecode.c.objc; path = HelpViewController.m; sourceTree = "<group>"; };
		C42BAFB411BF365400D9F604 /* AboutViewController.h */ = {isa = PBXFileReference; fileEncoding = 4; lastKnownFileType = sourcecode.c.h; path = AboutViewController.h; sourceTree = "<group>"; };
		C42BAFB511BF365400D9F604 /* AboutViewController.m */ = {isa = PBXFileReference; fileEncoding = 4; lastKnownFileType = sourcecode.c.objc; path = AboutViewController.m; sourceTree = "<group>"; };
		C42BAFB911BF365D00D9F604 /* HoursViewController.h */ = {isa = PBXFileReference; fileEncoding = 4; lastKnownFileType = sourcecode.c.h; path = HoursViewController.h; sourceTree = "<group>"; };
		C42BAFBA11BF365D00D9F604 /* HoursViewController.m */ = {isa = PBXFileReference; fileEncoding = 4; lastKnownFileType = sourcecode.c.objc; path = HoursViewController.m; sourceTree = "<group>"; };
		C432D9671209024D00D62684 /* DirectionsViewController.xib */ = {isa = PBXFileReference; lastKnownFileType = file.xib; path = DirectionsViewController.xib; sourceTree = "<group>"; };
		C432D9681209024D00D62684 /* HelpViewController.xib */ = {isa = PBXFileReference; lastKnownFileType = file.xib; path = HelpViewController.xib; sourceTree = "<group>"; };
		C432D9691209024D00D62684 /* AboutViewController.xib */ = {isa = PBXFileReference; lastKnownFileType = file.xib; path = AboutViewController.xib; sourceTree = "<group>"; };
		C432D96A1209024D00D62684 /* HoursViewController.xib */ = {isa = PBXFileReference; lastKnownFileType = file.xib; path = HoursViewController.xib; sourceTree = "<group>"; };
		C432D96B1209024D00D62684 /* TipsViewController.xib */ = {isa = PBXFileReference; lastKnownFileType = file.xib; path = TipsViewController.xib; sourceTree = "<group>"; };
		C432D9711209026300D62684 /* PageSixViewController.xib */ = {isa = PBXFileReference; lastKnownFileType = file.xib; path = PageSixViewController.xib; sourceTree = "<group>"; };
		C432D9721209026300D62684 /* PageSevenViewController.xib */ = {isa = PBXFileReference; lastKnownFileType = file.xib; path = PageSevenViewController.xib; sourceTree = "<group>"; };
		C432D9CC1209072300D62684 /* tableViewController.h */ = {isa = PBXFileReference; fileEncoding = 4; lastKnownFileType = sourcecode.c.h; path = tableViewController.h; sourceTree = "<group>"; };
		C432D9CD1209072300D62684 /* tableViewController.m */ = {isa = PBXFileReference; fileEncoding = 4; lastKnownFileType = sourcecode.c.objc; path = tableViewController.m; sourceTree = "<group>"; };
		C432D9CF1209074A00D62684 /* nolahtable1.png */ = {isa = PBXFileReference; lastKnownFileType = image.png; path = nolahtable1.png; sourceTree = "<group>"; };
		C432D9D01209074A00D62684 /* nolahtable2.png */ = {isa = PBXFileReference; lastKnownFileType = image.png; path = nolahtable2.png; sourceTree = "<group>"; };
		C432D9D11209074A00D62684 /* nolahtable3.png */ = {isa = PBXFileReference; lastKnownFileType = image.png; path = nolahtable3.png; sourceTree = "<group>"; };
		C432D9D31209074A00D62684 /* nolahtable5.png */ = {isa = PBXFileReference; lastKnownFileType = image.png; path = nolahtable5.png; sourceTree = "<group>"; };
		C432D9D41209074A00D62684 /* nolahtable6.png */ = {isa = PBXFileReference; lastKnownFileType = image.png; path = nolahtable6.png; sourceTree = "<group>"; };
		C432D9D51209074A00D62684 /* nolahtable7.png */ = {isa = PBXFileReference; lastKnownFileType = image.png; path = nolahtable7.png; sourceTree = "<group>"; };
		C432D9F7120CF1E100D62684 /* PageOneViewController.xib */ = {isa = PBXFileReference; lastKnownFileType = file.xib; path = PageOneViewController.xib; sourceTree = "<group>"; };
		C432D9FB120CF22700D62684 /* PageTwoViewController.xib */ = {isa = PBXFileReference; lastKnownFileType = file.xib; path = PageTwoViewController.xib; sourceTree = "<group>"; };
		C432D9FE120CF26300D62684 /* PageThreeViewController.xib */ = {isa = PBXFileReference; lastKnownFileType = file.xib; path = PageThreeViewController.xib; sourceTree = "<group>"; };
		C432DA01120CF3C500D62684 /* PageFourViewController.xib */ = {isa = PBXFileReference; lastKnownFileType = file.xib; path = PageFourViewController.xib; sourceTree = "<group>"; };
		C432DA04120CF42D00D62684 /* PageFiveViewController.xib */ = {isa = PBXFileReference; lastKnownFileType = file.xib; path = PageFiveViewController.xib; sourceTree = "<group>"; };
		C432DA40120CFB1700D62684 /* Seance Lounge.png */ = {isa = PBXFileReference; lastKnownFileType = image.png; path = "Seance Lounge.png"; sourceTree = "<group>"; };
		C432DA4D120CFB1700D62684 /* Statue of Jesus1.png */ = {isa = PBXFileReference; lastKnownFileType = image.png; path = "Statue of Jesus1.png"; sourceTree = "<group>"; };
		C432DA5F120CFB1700D62684 /* Jean Lafitte.png */ = {isa = PBXFileReference; lastKnownFileType = image.png; path = "Jean Lafitte.png"; sourceTree = "<group>"; };
		C432DA61120CFB1700D62684 /* Old Absinthe Fire.png */ = {isa = PBXFileReference; lastKnownFileType = image.png; path = "Old Absinthe Fire.png"; sourceTree = "<group>"; };
		C432DACB120D03FA00D62684 /* nolahtable8.png */ = {isa = PBXFileReference; lastKnownFileType = image.png; path = nolahtable8.png; sourceTree = "<group>"; };
		C432DACD120D040400D62684 /* nolahtable10.png */ = {isa = PBXFileReference; lastKnownFileType = image.png; path = nolahtable10.png; sourceTree = "<group>"; };
		C432DAD2120D044400D62684 /* Kerry Exterior.png */ = {isa = PBXFileReference; lastKnownFileType = image.png; path = "Kerry Exterior.png"; sourceTree = "<group>"; };
		C432DC91120FAC0700D62684 /* NYCHistory.app */ = {isa = PBXFileReference; explicitFileType = wrapper.application; includeInIndex = 0; path = NYCHistory.app; sourceTree = BUILT_PRODUCTS_DIR; };
		C44328351906F1DF0075D84A /* back12.png */ = {isa = PBXFileReference; lastKnownFileType = image.png; path = back12.png; sourceTree = "<group>"; };
		C44328371906F1ED0075D84A /* forward12.png */ = {isa = PBXFileReference; lastKnownFileType = image.png; path = forward12.png; sourceTree = "<group>"; };
		C44328391906F8940075D84A /* PinDRed10.png */ = {isa = PBXFileReference; lastKnownFileType = image.png; path = PinDRed10.png; sourceTree = "<group>"; };
		C443283B1906FD0B0075D84A /* Ernest Hemingway.png */ = {isa = PBXFileReference; lastKnownFileType = image.png; path = "Ernest Hemingway.png"; sourceTree = "<group>"; };
		C443283D1906FD1A0075D84A /* Tennessee Williams.png */ = {isa = PBXFileReference; lastKnownFileType = image.png; path = "Tennessee Williams.png"; sourceTree = "<group>"; };
		C443283F1906FD3B0075D84A /* Monteleone entrance.png */ = {isa = PBXFileReference; lastKnownFileType = image.png; path = "Monteleone entrance.png"; sourceTree = "<group>"; };
		C44328411906FD460075D84A /* Monteleone clock.png */ = {isa = PBXFileReference; lastKnownFileType = image.png; path = "Monteleone clock.png"; sourceTree = "<group>"; };
		C44328431906FD5A0075D84A /* Carousel Bar.png */ = {isa = PBXFileReference; lastKnownFileType = image.png; path = "Carousel Bar.png"; sourceTree = "<group>"; };
		C44328451907F3C50075D84A /* PageTenViewController.h */ = {isa = PBXFileReference; fileEncoding = 4; lastKnownFileType = sourcecode.c.h; path = PageTenViewController.h; sourceTree = "<group>"; };
		C44328461907F3C50075D84A /* PageTenViewController.m */ = {isa = PBXFileReference; fileEncoding = 4; lastKnownFileType = sourcecode.c.objc; path = PageTenViewController.m; sourceTree = "<group>"; };
		C44328471907F3C50075D84A /* PageTenViewController.xib */ = {isa = PBXFileReference; fileEncoding = 4; lastKnownFileType = file.xib; path = PageTenViewController.xib; sourceTree = "<group>"; };
		C443284A1907F5EA0075D84A /* nolac7.mp3 */ = {isa = PBXFileReference; lastKnownFileType = audio.mp3; path = nolac7.mp3; sourceTree = "<group>"; };
		C443284C1907F5F50075D84A /* nolac8.mp3 */ = {isa = PBXFileReference; lastKnownFileType = audio.mp3; path = nolac8.mp3; sourceTree = "<group>"; };
		C443284E1907F6040075D84A /* nolac9.mp3 */ = {isa = PBXFileReference; lastKnownFileType = audio.mp3; path = nolac9.mp3; sourceTree = "<group>"; };
		C44328501907F60E0075D84A /* nolac6.mp3 */ = {isa = PBXFileReference; lastKnownFileType = audio.mp3; path = nolac6.mp3; sourceTree = "<group>"; };
		C44328521907F61B0075D84A /* nolac10.mp3 */ = {isa = PBXFileReference; lastKnownFileType = audio.mp3; path = nolac10.mp3; sourceTree = "<group>"; };
		C44328541907F6290075D84A /* nolac1.mp3 */ = {isa = PBXFileReference; lastKnownFileType = audio.mp3; path = nolac1.mp3; sourceTree = "<group>"; };
		C44328561907F6320075D84A /* nolac2.mp3 */ = {isa = PBXFileReference; lastKnownFileType = audio.mp3; path = nolac2.mp3; sourceTree = "<group>"; };
		C44328581907F63E0075D84A /* nolac5.mp3 */ = {isa = PBXFileReference; lastKnownFileType = audio.mp3; path = nolac5.mp3; sourceTree = "<group>"; };
		C443285A1907F6480075D84A /* nolac3.mp3 */ = {isa = PBXFileReference; lastKnownFileType = audio.mp3; path = nolac3.mp3; sourceTree = "<group>"; };
		C443285E1907FF3A0075D84A /* nolahtable9.png */ = {isa = PBXFileReference; lastKnownFileType = image.png; path = nolahtable9.png; sourceTree = "<group>"; };
		C44328601907FF9C0075D84A /* icon40.png */ = {isa = PBXFileReference; lastKnownFileType = image.png; path = icon40.png; sourceTree = "<group>"; };
		C44328621907FFAB0075D84A /* icon58.png */ = {isa = PBXFileReference; lastKnownFileType = image.png; path = icon58.png; sourceTree = "<group>"; };
		C44328641907FFB70075D84A /* icon76.png */ = {isa = PBXFileReference; lastKnownFileType = image.png; path = icon76.png; sourceTree = "<group>"; };
		C44328661907FFC10075D84A /* icon80.png */ = {isa = PBXFileReference; lastKnownFileType = image.png; path = icon80.png; sourceTree = "<group>"; };
		C44328681907FFCC0075D84A /* icon120.png */ = {isa = PBXFileReference; lastKnownFileType = image.png; path = icon120.png; sourceTree = "<group>"; };
		C443286A1907FFD60075D84A /* icon152.png */ = {isa = PBXFileReference; lastKnownFileType = image.png; path = icon152.png; sourceTree = "<group>"; };
		C443286E190806E30075D84A /* Truman Capote.png */ = {isa = PBXFileReference; lastKnownFileType = image.png; path = "Truman Capote.png"; sourceTree = "<group>"; };
		C443287019082F720075D84A /* Default-568h@2x.png */ = {isa = PBXFileReference; lastKnownFileType = image.png; path = "Default-568h@2x.png"; sourceTree = "<group>"; };
		C443287219082F7D0075D84A /* Default.png */ = {isa = PBXFileReference; lastKnownFileType = image.png; path = Default.png; sourceTree = "<group>"; };
		C451BAD6167639AA00EE2488 /* Alibi@2x.png */ = {isa = PBXFileReference; lastKnownFileType = image.png; path = "Alibi@2x.png"; sourceTree = "<group>"; };
		C451BAD8167639C700EE2488 /* Absinthe Fireplace@2x.png */ = {isa = PBXFileReference; lastKnownFileType = image.png; path = "Absinthe Fireplace@2x.png"; sourceTree = "<group>"; };
		C451BADC167639F900EE2488 /* Charm Gate Sign@2x.png */ = {isa = PBXFileReference; lastKnownFileType = image.png; path = "Charm Gate Sign@2x.png"; sourceTree = "<group>"; };
		C451BAE016763A9800EE2488 /* Charm Gate@2x.png */ = {isa = PBXFileReference; lastKnownFileType = image.png; path = "Charm Gate@2x.png"; sourceTree = "<group>"; };
		C451BAE216763ABA00EE2488 /* Court of Two Sisters@2x.png */ = {isa = PBXFileReference; lastKnownFileType = image.png; path = "Court of Two Sisters@2x.png"; sourceTree = "<group>"; };
		C451BAE416763B2200EE2488 /* Faulkner House Books@2x.png */ = {isa = PBXFileReference; lastKnownFileType = image.png; path = "Faulkner House Books@2x.png"; sourceTree = "<group>"; };
		C451BAF416763BEF00EE2488 /* infoscreenbottles@2x.png */ = {isa = PBXFileReference; lastKnownFileType = image.png; path = "infoscreenbottles@2x.png"; sourceTree = "<group>"; };
		C451BAF616763BFB00EE2488 /* InfoScreen.png */ = {isa = PBXFileReference; lastKnownFileType = image.png; path = InfoScreen.png; sourceTree = "<group>"; };
		C451BAF816763C0300EE2488 /* InfoScreen@2x.png */ = {isa = PBXFileReference; lastKnownFileType = image.png; path = "InfoScreen@2x.png"; sourceTree = "<group>"; };
		C451BAFA16763C2200EE2488 /* Kerry Pub interior.png */ = {isa = PBXFileReference; lastKnownFileType = image.png; path = "Kerry Pub interior.png"; sourceTree = "<group>"; };
		C451BAFC16763C2E00EE2488 /* Kerry Pub@2x.png */ = {isa = PBXFileReference; lastKnownFileType = image.png; path = "Kerry Pub@2x.png"; sourceTree = "<group>"; };
		C451BB0016763D3200EE2488 /* The Lafitte Brothers.png */ = {isa = PBXFileReference; lastKnownFileType = image.png; path = "The Lafitte Brothers.png"; sourceTree = "<group>"; };
		C451BB0216763D6D00EE2488 /* Lafitte's Blacksmith Shop@2x.png */ = {isa = PBXFileReference; lastKnownFileType = image.png; path = "Lafitte's Blacksmith Shop@2x.png"; sourceTree = "<group>"; };
		C451BB0416763D7E00EE2488 /* Lafitte's Fireplace@2x.png */ = {isa = PBXFileReference; lastKnownFileType = image.png; path = "Lafitte's Fireplace@2x.png"; sourceTree = "<group>"; };
		C451BB0616763DEA00EE2488 /* Muriel's Balcony.png */ = {isa = PBXFileReference; lastKnownFileType = image.png; path = "Muriel's Balcony.png"; sourceTree = "<group>"; };
		C451BB0816763DF500EE2488 /* Muriel's Seance Lounge.png */ = {isa = PBXFileReference; lastKnownFileType = image.png; path = "Muriel's Seance Lounge.png"; sourceTree = "<group>"; };
		C451BB0A16763E0000EE2488 /* Muriel's@2x.png */ = {isa = PBXFileReference; lastKnownFileType = image.png; path = "Muriel's@2x.png"; sourceTree = "<group>"; };
		C451BB0E16763E3100EE2488 /* Old Absinthe House@2x.png */ = {isa = PBXFileReference; lastKnownFileType = image.png; path = "Old Absinthe House@2x.png"; sourceTree = "<group>"; };
		C451BB1016763E4200EE2488 /* Pat O's Bathroom@2x.png */ = {isa = PBXFileReference; lastKnownFileType = image.png; path = "Pat O's Bathroom@2x.png"; sourceTree = "<group>"; };
		C451BB1216763E7700EE2488 /* Pat O's Courtyard@2x.png */ = {isa = PBXFileReference; lastKnownFileType = image.png; path = "Pat O's Courtyard@2x.png"; sourceTree = "<group>"; };
		C451BB1416763EA400EE2488 /* Pat O'Brien's.png */ = {isa = PBXFileReference; lastKnownFileType = image.png; path = "Pat O'Brien's.png"; sourceTree = "<group>"; };
		C451BB1816763EFD00EE2488 /* Piano Bar@2x.png */ = {isa = PBXFileReference; lastKnownFileType = image.png; path = "Piano Bar@2x.png"; sourceTree = "<group>"; };
		C451BB1A16763F0A00EE2488 /* Pirate's Alley Cafe@2x.png */ = {isa = PBXFileReference; lastKnownFileType = image.png; path = "Pirate's Alley Cafe@2x.png"; sourceTree = "<group>"; };
		C451BB1C16763F1A00EE2488 /* Pirate's Alley Lamp Post@2x.png */ = {isa = PBXFileReference; lastKnownFileType = image.png; path = "Pirate's Alley Lamp Post@2x.png"; sourceTree = "<group>"; };
		C451BB2016763F5400EE2488 /* Statue of Jesus.png */ = {isa = PBXFileReference; lastKnownFileType = image.png; path = "Statue of Jesus.png"; sourceTree = "<group>"; };
		C485162211AE1A6B00549246 /* AVFoundation.framework */ = {isa = PBXFileReference; lastKnownFileType = wrapper.framework; name = AVFoundation.framework; path = System/Library/Frameworks/AVFoundation.framework; sourceTree = SDKROOT; };
		C485162C11AE1A7C00549246 /* MapKit.framework */ = {isa = PBXFileReference; lastKnownFileType = wrapper.framework; name = MapKit.framework; path = System/Library/Frameworks/MapKit.framework; sourceTree = SDKROOT; };
		C485172911AF5C6100549246 /* mapViewController.h */ = {isa = PBXFileReference; fileEncoding = 4; lastKnownFileType = sourcecode.c.h; path = mapViewController.h; sourceTree = "<group>"; };
		C485172A11AF5C6100549246 /* mapViewController.m */ = {isa = PBXFileReference; fileEncoding = 4; lastKnownFileType = sourcecode.c.objc; path = mapViewController.m; sourceTree = "<group>"; };
		C485172C11AF5C6F00549246 /* wwAnnotation.h */ = {isa = PBXFileReference; fileEncoding = 4; lastKnownFileType = sourcecode.c.h; path = wwAnnotation.h; sourceTree = "<group>"; };
		C485172D11AF5C6F00549246 /* wwAnnotation.m */ = {isa = PBXFileReference; fileEncoding = 4; lastKnownFileType = sourcecode.c.objc; path = wwAnnotation.m; sourceTree = "<group>"; };
		C485172E11AF5C6F00549246 /* wwAnnotationView.h */ = {isa = PBXFileReference; fileEncoding = 4; lastKnownFileType = sourcecode.c.h; path = wwAnnotationView.h; sourceTree = "<group>"; };
		C485172F11AF5C6F00549246 /* wwAnnotationView.m */ = {isa = PBXFileReference; fileEncoding = 4; lastKnownFileType = sourcecode.c.objc; path = wwAnnotationView.m; sourceTree = "<group>"; };
		C485173311AF5C7900549246 /* PinDRed1.png */ = {isa = PBXFileReference; lastKnownFileType = image.png; path = PinDRed1.png; sourceTree = "<group>"; };
		C485173411AF5C7900549246 /* PinDRed2.png */ = {isa = PBXFileReference; lastKnownFileType = image.png; path = PinDRed2.png; sourceTree = "<group>"; };
		C485173511AF5C7900549246 /* PinDRed3.png */ = {isa = PBXFileReference; lastKnownFileType = image.png; path = PinDRed3.png; sourceTree = "<group>"; };
		C485173611AF5C7900549246 /* PinDRed4.png */ = {isa = PBXFileReference; lastKnownFileType = image.png; path = PinDRed4.png; sourceTree = "<group>"; };
		C485173711AF5C7900549246 /* PinDRed5.png */ = {isa = PBXFileReference; lastKnownFileType = image.png; path = PinDRed5.png; sourceTree = "<group>"; };
		C485173811AF5C7900549246 /* PinDRed6.png */ = {isa = PBXFileReference; lastKnownFileType = image.png; path = PinDRed6.png; sourceTree = "<group>"; };
		C485173911AF5C7900549246 /* PinDRed7.png */ = {isa = PBXFileReference; lastKnownFileType = image.png; path = PinDRed7.png; sourceTree = "<group>"; };
		C485173A11AF5C7900549246 /* PinDRed8.png */ = {isa = PBXFileReference; lastKnownFileType = image.png; path = PinDRed8.png; sourceTree = "<group>"; };
		C485183A11B0A40500549246 /* Playbutton.png */ = {isa = PBXFileReference; lastKnownFileType = image.png; path = Playbutton.png; sourceTree = "<group>"; };
		C485183C11B0A40F00549246 /* pausebutton.png */ = {isa = PBXFileReference; lastKnownFileType = image.png; path = pausebutton.png; sourceTree = "<group>"; };
		C485183E11B0A41C00549246 /* bp_btn1.png */ = {isa = PBXFileReference; lastKnownFileType = image.png; path = bp_btn1.png; sourceTree = "<group>"; };
		C485183F11B0A41C00549246 /* bp_btn2.png */ = {isa = PBXFileReference; lastKnownFileType = image.png; path = bp_btn2.png; sourceTree = "<group>"; };
		C485184211B0A42B00549246 /* volume_up.png */ = {isa = PBXFileReference; lastKnownFileType = image.png; path = volume_up.png; sourceTree = "<group>"; };
		C485184411B0A43B00549246 /* Infobutton.png */ = {isa = PBXFileReference; lastKnownFileType = image.png; path = Infobutton.png; sourceTree = "<group>"; };
		C4851B1F11B4864000549246 /* TableViewIcon.png */ = {isa = PBXFileReference; lastKnownFileType = image.png; path = TableViewIcon.png; sourceTree = "<group>"; };
		C4851B2111B4864A00549246 /* MapViewIcon.png */ = {isa = PBXFileReference; lastKnownFileType = image.png; path = MapViewIcon.png; sourceTree = "<group>"; };
		C4851C5111B5E14B00549246 /* PageSixViewController.h */ = {isa = PBXFileReference; fileEncoding = 4; lastKnownFileType = sourcecode.c.h; path = PageSixViewController.h; sourceTree = "<group>"; };
		C4851C5211B5E14B00549246 /* PageSixViewController.m */ = {isa = PBXFileReference; fileEncoding = 4; lastKnownFileType = sourcecode.c.objc; path = PageSixViewController.m; sourceTree = "<group>"; };
		C4851C6411B5E19800549246 /* PageSevenViewController.h */ = {isa = PBXFileReference; fileEncoding = 4; lastKnownFileType = sourcecode.c.h; path = PageSevenViewController.h; sourceTree = "<group>"; };
		C4851C6511B5E19800549246 /* PageSevenViewController.m */ = {isa = PBXFileReference; fileEncoding = 4; lastKnownFileType = sourcecode.c.objc; path = PageSevenViewController.m; sourceTree = "<group>"; };
		C4851C6611B5E19800549246 /* PageEightViewController.xib */ = {isa = PBXFileReference; lastKnownFileType = file.xib; path = PageEightViewController.xib; sourceTree = "<group>"; };
		C4A5B8DD11CC5D2C00BDE06F /* PageEightViewController.h */ = {isa = PBXFileReference; fileEncoding = 4; lastKnownFileType = sourcecode.c.h; path = PageEightViewController.h; sourceTree = "<group>"; };
		C4A5B8DE11CC5D2C00BDE06F /* PageEightViewController.m */ = {isa = PBXFileReference; fileEncoding = 4; lastKnownFileType = sourcecode.c.objc; path = PageEightViewController.m; sourceTree = "<group>"; };
		C4A5B8DF11CC5D2C00BDE06F /* PageNineViewController.xib */ = {isa = PBXFileReference; lastKnownFileType = file.xib; path = PageNineViewController.xib; sourceTree = "<group>"; };
		C4ACC8671CECD970003A2196 /* nolac4.mp3 */ = {isa = PBXFileReference; lastKnownFileType = audio.mp3; path = nolac4.mp3; sourceTree = "<group>"; };
		C4ACC8691CECDADE003A2196 /* Port Burgerold.png */ = {isa = PBXFileReference; lastKnownFileType = image.png; path = "Port Burgerold.png"; sourceTree = "<group>"; };
		C4ACC86B1CECDAEC003A2196 /* Port Burgersm.png */ = {isa = PBXFileReference; lastKnownFileType = image.png; path = "Port Burgersm.png"; sourceTree = "<group>"; };
		C4ACC86D1CECDAF9003A2196 /* Port St Peter.png */ = {isa = PBXFileReference; lastKnownFileType = image.png; path = "Port St Peter.png"; sourceTree = "<group>"; };
		C4ACC86F1CECDB07003A2196 /* PortStPetersmall.png */ = {isa = PBXFileReference; lastKnownFileType = image.png; path = PortStPetersmall.png; sourceTree = "<group>"; };
		C4ACC8731CEE4EDD003A2196 /* Alibi Bloody Mary.png */ = {isa = PBXFileReference; lastKnownFileType = image.png; path = "Alibi Bloody Mary.png"; sourceTree = "<group>"; };
		C4ACC8751CEE4EF4003A2196 /* Irish Coffee.png */ = {isa = PBXFileReference; lastKnownFileType = image.png; path = "Irish Coffee.png"; sourceTree = "<group>"; };
		C4ACC8771CEE4F0D003A2196 /* Port Burger.png */ = {isa = PBXFileReference; lastKnownFileType = image.png; path = "Port Burger.png"; sourceTree = "<group>"; };
		C4ACC8791CEE4F1C003A2196 /* Two Sisters courtyard.png */ = {isa = PBXFileReference; lastKnownFileType = image.png; path = "Two Sisters courtyard.png"; sourceTree = "<group>"; };
		C4ACC87B1CEE5058003A2196 /* nolahtable4.png */ = {isa = PBXFileReference; lastKnownFileType = image.png; path = nolahtable4.png; sourceTree = "<group>"; };
		C4B1D0F111F3890500F3ACDA /* PinDRed9.png */ = {isa = PBXFileReference; lastKnownFileType = image.png; path = PinDRed9.png; sourceTree = "<group>"; };
		C4C351F51677B3A70077F109 /* Default-568h@2xold.png */ = {isa = PBXFileReference; lastKnownFileType = image.png; path = "Default-568h@2xold.png"; sourceTree = "<group>"; };
		C4E93FAE11BAB87F0021141A /* LargePhotoViewController.h */ = {isa = PBXFileReference; fileEncoding = 4; lastKnownFileType = sourcecode.c.h; path = LargePhotoViewController.h; sourceTree = "<group>"; };
		C4E93FAF11BAB87F0021141A /* LargePhotoViewController.m */ = {isa = PBXFileReference; fileEncoding = 4; lastKnownFileType = sourcecode.c.objc; path = LargePhotoViewController.m; sourceTree = "<group>"; };
		C4FC363D1676936C00CF7AD2 /* Icon-small.png */ = {isa = PBXFileReference; lastKnownFileType = image.png; path = "Icon-small.png"; sourceTree = "<group>"; };
		C4FC363F1676937500CF7AD2 /* Icon-small-50.png */ = {isa = PBXFileReference; lastKnownFileType = image.png; path = "Icon-small-50.png"; sourceTree = "<group>"; };
		C4FC36411676938000CF7AD2 /* Icon.png */ = {isa = PBXFileReference; lastKnownFileType = image.png; path = Icon.png; sourceTree = "<group>"; };
		C4FC36431676938900CF7AD2 /* Icon-72.png */ = {isa = PBXFileReference; lastKnownFileType = image.png; path = "Icon-72.png"; sourceTree = "<group>"; };
		C4FC36451676939700CF7AD2 /* Icon@2x.png */ = {isa = PBXFileReference; lastKnownFileType = image.png; path = "Icon@2x.png"; sourceTree = "<group>"; };
		C4FC3647167693A500CF7AD2 /* Icon-72@2x.png */ = {isa = PBXFileReference; lastKnownFileType = image.png; path = "Icon-72@2x.png"; sourceTree = "<group>"; };
		C4FC3649167693B000CF7AD2 /* iTunesArtwork.png */ = {isa = PBXFileReference; lastKnownFileType = image.png; path = iTunesArtwork.png; sourceTree = "<group>"; };
		C4FC364B167693D200CF7AD2 /* iTunesArtwork@2x.png */ = {isa = PBXFileReference; lastKnownFileType = image.png; path = "iTunesArtwork@2x.png"; sourceTree = "<group>"; };
		C4FC364D1676950C00CF7AD2 /* Icon114.png */ = {isa = PBXFileReference; lastKnownFileType = image.png; path = Icon114.png; sourceTree = "<group>"; };
		C4FC364F1677A44200CF7AD2 /* InfoScreen-568h@2x.png */ = {isa = PBXFileReference; lastKnownFileType = image.png; path = "InfoScreen-568h@2x.png"; sourceTree = "<group>"; };
/* End PBXFileReference section */

/* Begin PBXFrameworksBuildPhase section */
		1D60588F0D05DD3D006BFB54 /* Frameworks */ = {
			isa = PBXFrameworksBuildPhase;
			buildActionMask = 2147483647;
			files = (
				1D60589E0D05DD5A006BFB54 /* CoreFoundation.framework in Frameworks */,
				1DF5F4E00D08C38300B7A737 /* UIKit.framework in Frameworks */,
				1D3623EC0D0F72F000981E51 /* CoreGraphics.framework in Frameworks */,
				53D090D90FA2391E00BB0543 /* Foundation.framework in Frameworks */,
				C485162311AE1A6B00549246 /* AVFoundation.framework in Frameworks */,
				C485162D11AE1A7C00549246 /* MapKit.framework in Frameworks */,
			);
			runOnlyForDeploymentPostprocessing = 0;
		};
/* End PBXFrameworksBuildPhase section */

/* Begin PBXGroup section */
		19C28FACFE9D520D11CA2CBB /* Products */ = {
			isa = PBXGroup;
			children = (
				C432DC91120FAC0700D62684 /* NYCHistory.app */,
			);
			name = Products;
			sourceTree = "<group>";
		};
		29B97314FDCFA39411CA2CEA /* Toolbar */ = {
			isa = PBXGroup;
			children = (
				C4FC364D1676950C00CF7AD2 /* Icon114.png */,
				539C376E0DB8003400A5E2BB /* ReadMe.txt */,
				29B97315FDCFA39411CA2CEA /* Sources */,
				29B97317FDCFA39411CA2CEA /* Resources */,
				29B97323FDCFA39411CA2CEA /* Frameworks */,
				19C28FACFE9D520D11CA2CBB /* Products */,
			);
			name = Toolbar;
			sourceTree = "<group>";
		};
		29B97315FDCFA39411CA2CEA /* Sources */ = {
			isa = PBXGroup;
			children = (
				C485174A11AF5D3200549246 /* AppDelegate */,
				C42BAF9E11BF316B00D9F604 /* InfoViewControllers */,
				C485172311AF5C2000549246 /* MapView */,
				C4851B9D11B48B3F00549246 /* TableView */,
				531F16C10D6368DA003D33FB /* DetailViewControllers */,
			);
			name = Sources;
			sourceTree = "<group>";
		};
		29B97317FDCFA39411CA2CEA /* Resources */ = {
			isa = PBXGroup;
			children = (
				C4FC363D1676936C00CF7AD2 /* Icon-small.png */,
				C44328601907FF9C0075D84A /* icon40.png */,
				C4FC363F1676937500CF7AD2 /* Icon-small-50.png */,
				C4FC36411676938000CF7AD2 /* Icon.png */,
				C44328621907FFAB0075D84A /* icon58.png */,
				C4FC36431676938900CF7AD2 /* Icon-72.png */,
				C44328641907FFB70075D84A /* icon76.png */,
				C44328661907FFC10075D84A /* icon80.png */,
				C4FC36451676939700CF7AD2 /* Icon@2x.png */,
				C44328681907FFCC0075D84A /* icon120.png */,
				C4FC3647167693A500CF7AD2 /* Icon-72@2x.png */,
				C443286A1907FFD60075D84A /* icon152.png */,
				C4FC3649167693B000CF7AD2 /* iTunesArtwork.png */,
				C4FC364B167693D200CF7AD2 /* iTunesArtwork@2x.png */,
				C4C351F51677B3A70077F109 /* Default-568h@2xold.png */,
				C443287019082F720075D84A /* Default-568h@2x.png */,
				C443287219082F7D0075D84A /* Default.png */,
				C42BAFBF11BF369300D9F604 /* InfoXIB */,
				C42BAFBE11BF366B00D9F604 /* DetailXIB */,
				C4E9401511BB0A5E0021141A /* Images */,
				C4851BD811B4905300549246 /* Buttons */,
				C4851BC711B4902100549246 /* TableViewPhotos */,
				C485173211AF5C7900549246 /* Pins */,
				C48515D311AE17E300549246 /* Audio */,
				537204DA0DC28C310048CDA2 /* Localizable.strings */,
				537204DC0DC28C310048CDA2 /* InfoPlist.strings */,
				537204CE0DC28C260048CDA2 /* MainWindow.xib */,
				8D1107310486CEB800E47090 /* Info.plist */,
			);
			name = Resources;
			sourceTree = "<group>";
		};
		29B97323FDCFA39411CA2CEA /* Frameworks */ = {
			isa = PBXGroup;
			children = (
				C485162C11AE1A7C00549246 /* MapKit.framework */,
				C485162211AE1A6B00549246 /* AVFoundation.framework */,
				1D3623EB0D0F72F000981E51 /* CoreGraphics.framework */,
				1DF5F4DF0D08C38300B7A737 /* UIKit.framework */,
				1DC4B2650D05D9C8003A8154 /* CoreFoundation.framework */,
				1D30AB110D05D00D00671497 /* Foundation.framework */,
			);
			name = Frameworks;
			sourceTree = "<group>";
		};
		531F16C10D6368DA003D33FB /* DetailViewControllers */ = {
			isa = PBXGroup;
			children = (
				531F16A00D6367A3003D33FB /* PageOneViewController.h */,
				531F16980D6367A3003D33FB /* PageOneViewController.m */,
				531F169E0D6367A3003D33FB /* PageTwoViewController.h */,
				531F16970D6367A3003D33FB /* PageTwoViewController.m */,
				531F16A10D6367A3003D33FB /* PageThreeViewController.h */,
				531F169C0D6367A3003D33FB /* PageThreeViewController.m */,
				53A79EB70D70DF2A005FAC2C /* PageFourViewController.h */,
				53A79EB80D70DF2A005FAC2C /* PageFourViewController.m */,
				538F313B0D9D5E6A0064A664 /* PageFiveViewController.h */,
				538F313C0D9D5E6A0064A664 /* PageFiveViewController.m */,
				C4851C5111B5E14B00549246 /* PageSixViewController.h */,
				C4851C5211B5E14B00549246 /* PageSixViewController.m */,
				C4851C6411B5E19800549246 /* PageSevenViewController.h */,
				C4851C6511B5E19800549246 /* PageSevenViewController.m */,
				C4A5B8DD11CC5D2C00BDE06F /* PageEightViewController.h */,
				C4A5B8DE11CC5D2C00BDE06F /* PageEightViewController.m */,
				C40DC48E11EC04FB009B0E8A /* PageNineViewController.h */,
				C40DC48F11EC04FB009B0E8A /* PageNineViewController.m */,
				C4E93FAE11BAB87F0021141A /* LargePhotoViewController.h */,
				C4E93FAF11BAB87F0021141A /* LargePhotoViewController.m */,
				C44328451907F3C50075D84A /* PageTenViewController.h */,
				C44328461907F3C50075D84A /* PageTenViewController.m */,
			);
			name = DetailViewControllers;
			sourceTree = "<group>";
		};
		C42BAF9E11BF316B00D9F604 /* InfoViewControllers */ = {
			isa = PBXGroup;
			children = (
				C42BAF9A11BF316200D9F604 /* infoViewController.h */,
				C42BAF9B11BF316200D9F604 /* infoViewController.m */,
				C42BAFAA11BF363D00D9F604 /* DirectionsViewController.h */,
				C42BAFAB11BF363D00D9F604 /* DirectionsViewController.m */,
				C42BAFAF11BF364900D9F604 /* HelpViewController.h */,
				C42BAFB011BF364900D9F604 /* HelpViewController.m */,
				C42BAFB411BF365400D9F604 /* AboutViewController.h */,
				C42BAFB511BF365400D9F604 /* AboutViewController.m */,
				C42BAFB911BF365D00D9F604 /* HoursViewController.h */,
				C42BAFBA11BF365D00D9F604 /* HoursViewController.m */,
				C42BAFA511BF363000D9F604 /* TipsViewController.h */,
				C42BAFA611BF363000D9F604 /* TipsViewController.m */,
			);
			name = InfoViewControllers;
			sourceTree = "<group>";
		};
		C42BAFBE11BF366B00D9F604 /* DetailXIB */ = {
			isa = PBXGroup;
			children = (
				C432D9F7120CF1E100D62684 /* PageOneViewController.xib */,
				C432D9FB120CF22700D62684 /* PageTwoViewController.xib */,
				C432D9FE120CF26300D62684 /* PageThreeViewController.xib */,
				C432DA01120CF3C500D62684 /* PageFourViewController.xib */,
				C432DA04120CF42D00D62684 /* PageFiveViewController.xib */,
				C432D9711209026300D62684 /* PageSixViewController.xib */,
				C432D9721209026300D62684 /* PageSevenViewController.xib */,
				C4851C6611B5E19800549246 /* PageEightViewController.xib */,
				C4A5B8DF11CC5D2C00BDE06F /* PageNineViewController.xib */,
				C44328471907F3C50075D84A /* PageTenViewController.xib */,
			);
			name = DetailXIB;
			sourceTree = "<group>";
		};
		C42BAFBF11BF369300D9F604 /* InfoXIB */ = {
			isa = PBXGroup;
			children = (
				C432D9671209024D00D62684 /* DirectionsViewController.xib */,
				C432D9681209024D00D62684 /* HelpViewController.xib */,
				C432D9691209024D00D62684 /* AboutViewController.xib */,
				C432D96A1209024D00D62684 /* HoursViewController.xib */,
				C432D96B1209024D00D62684 /* TipsViewController.xib */,
			);
			name = InfoXIB;
			sourceTree = "<group>";
		};
		C48515D311AE17E300549246 /* Audio */ = {
			isa = PBXGroup;
			children = (
				C4ACC8671CECD970003A2196 /* nolac4.mp3 */,
				C443284A1907F5EA0075D84A /* nolac7.mp3 */,
				C443284C1907F5F50075D84A /* nolac8.mp3 */,
				C443284E1907F6040075D84A /* nolac9.mp3 */,
				C44328501907F60E0075D84A /* nolac6.mp3 */,
				C44328521907F61B0075D84A /* nolac10.mp3 */,
				C44328541907F6290075D84A /* nolac1.mp3 */,
				C44328561907F6320075D84A /* nolac2.mp3 */,
				C44328581907F63E0075D84A /* nolac5.mp3 */,
				C443285A1907F6480075D84A /* nolac3.mp3 */,
			);
			name = Audio;
			sourceTree = "<group>";
		};
		C485172311AF5C2000549246 /* MapView */ = {
			isa = PBXGroup;
			children = (
				C485172911AF5C6100549246 /* mapViewController.h */,
				C485172A11AF5C6100549246 /* mapViewController.m */,
				C485172C11AF5C6F00549246 /* wwAnnotation.h */,
				C485172D11AF5C6F00549246 /* wwAnnotation.m */,
				C485172E11AF5C6F00549246 /* wwAnnotationView.h */,
				C485172F11AF5C6F00549246 /* wwAnnotationView.m */,
			);
			name = MapView;
			sourceTree = "<group>";
		};
		C485173211AF5C7900549246 /* Pins */ = {
			isa = PBXGroup;
			children = (
				C485173311AF5C7900549246 /* PinDRed1.png */,
				C485173411AF5C7900549246 /* PinDRed2.png */,
				C485173511AF5C7900549246 /* PinDRed3.png */,
				C485173611AF5C7900549246 /* PinDRed4.png */,
				C485173711AF5C7900549246 /* PinDRed5.png */,
				C485173811AF5C7900549246 /* PinDRed6.png */,
				C485173911AF5C7900549246 /* PinDRed7.png */,
				C485173A11AF5C7900549246 /* PinDRed8.png */,
				C4B1D0F111F3890500F3ACDA /* PinDRed9.png */,
				C44328391906F8940075D84A /* PinDRed10.png */,
			);
			name = Pins;
			sourceTree = "<group>";
		};
		C485174A11AF5D3200549246 /* AppDelegate */ = {
			isa = PBXGroup;
			children = (
				531F16910D63677B003D33FB /* Prefix.pch */,
				29B97316FDCFA39411CA2CEA /* main.m */,
				531F169F0D6367A3003D33FB /* Constants.h */,
				531F16A40D6367A3003D33FB /* AppDelegate.h */,
				531F16990D6367A3003D33FB /* AppDelegate.m */,
			);
			name = AppDelegate;
			sourceTree = "<group>";
		};
		C4851B9D11B48B3F00549246 /* TableView */ = {
			isa = PBXGroup;
			children = (
				C432D9CC1209072300D62684 /* tableViewController.h */,
				C432D9CD1209072300D62684 /* tableViewController.m */,
			);
			name = TableView;
			sourceTree = "<group>";
		};
		C4851BC711B4902100549246 /* TableViewPhotos */ = {
			isa = PBXGroup;
			children = (
				C4ACC87B1CEE5058003A2196 /* nolahtable4.png */,
				C432D9CF1209074A00D62684 /* nolahtable1.png */,
				C432D9D01209074A00D62684 /* nolahtable2.png */,
				C432D9D11209074A00D62684 /* nolahtable3.png */,
				C432D9D31209074A00D62684 /* nolahtable5.png */,
				C432D9D41209074A00D62684 /* nolahtable6.png */,
				C432D9D51209074A00D62684 /* nolahtable7.png */,
				C432DACB120D03FA00D62684 /* nolahtable8.png */,
				C443285E1907FF3A0075D84A /* nolahtable9.png */,
				C432DACD120D040400D62684 /* nolahtable10.png */,
			);
			name = TableViewPhotos;
			sourceTree = "<group>";
		};
		C4851BD811B4905300549246 /* Buttons */ = {
			isa = PBXGroup;
			children = (
				C44328351906F1DF0075D84A /* back12.png */,
				C44328371906F1ED0075D84A /* forward12.png */,
				C4851B2111B4864A00549246 /* MapViewIcon.png */,
				C4851B1F11B4864000549246 /* TableViewIcon.png */,
				C485183A11B0A40500549246 /* Playbutton.png */,
				C485183C11B0A40F00549246 /* pausebutton.png */,
				C485183E11B0A41C00549246 /* bp_btn1.png */,
				C485183F11B0A41C00549246 /* bp_btn2.png */,
				C485184211B0A42B00549246 /* volume_up.png */,
				C485184411B0A43B00549246 /* Infobutton.png */,
			);
			name = Buttons;
			sourceTree = "<group>";
		};
		C4E9401511BB0A5E0021141A /* Images */ = {
			isa = PBXGroup;
			children = (
				C451BAF416763BEF00EE2488 /* infoscreenbottles@2x.png */,
				C451BAF816763C0300EE2488 /* InfoScreen@2x.png */,
				C4FC364F1677A44200CF7AD2 /* InfoScreen-568h@2x.png */,
				C451BAF616763BFB00EE2488 /* InfoScreen.png */,
				C451BAFC16763C2E00EE2488 /* Kerry Pub@2x.png */,
				C451BAFA16763C2200EE2488 /* Kerry Pub interior.png */,
				C432DAD2120D044400D62684 /* Kerry Exterior.png */,
				C451BAD6167639AA00EE2488 /* Alibi@2x.png */,
				C451BB0216763D6D00EE2488 /* Lafitte's Blacksmith Shop@2x.png */,
				C451BB0016763D3200EE2488 /* The Lafitte Brothers.png */,
				C451BB0416763D7E00EE2488 /* Lafitte's Fireplace@2x.png */,
				C451BB0816763DF500EE2488 /* Muriel's Seance Lounge.png */,
				C432DA40120CFB1700D62684 /* Seance Lounge.png */,
				C451BB0A16763E0000EE2488 /* Muriel's@2x.png */,
				C451BB0616763DEA00EE2488 /* Muriel's Balcony.png */,
				C451BB1A16763F0A00EE2488 /* Pirate's Alley Cafe@2x.png */,
				C451BB1C16763F1A00EE2488 /* Pirate's Alley Lamp Post@2x.png */,
				C451BAE416763B2200EE2488 /* Faulkner House Books@2x.png */,
				C432DA4D120CFB1700D62684 /* Statue of Jesus1.png */,
				C451BB2016763F5400EE2488 /* Statue of Jesus.png */,
				C451BB1416763EA400EE2488 /* Pat O'Brien's.png */,
				C451BB1216763E7700EE2488 /* Pat O's Courtyard@2x.png */,
				C451BB1016763E4200EE2488 /* Pat O's Bathroom@2x.png */,
				C451BB1816763EFD00EE2488 /* Piano Bar@2x.png */,
				C451BAE216763ABA00EE2488 /* Court of Two Sisters@2x.png */,
				C451BAE016763A9800EE2488 /* Charm Gate@2x.png */,
				C451BADC167639F900EE2488 /* Charm Gate Sign@2x.png */,
				C451BB0E16763E3100EE2488 /* Old Absinthe House@2x.png */,
				C451BAD8167639C700EE2488 /* Absinthe Fireplace@2x.png */,
				C432DA5F120CFB1700D62684 /* Jean Lafitte.png */,
				C432DA61120CFB1700D62684 /* Old Absinthe Fire.png */,
				C443283B1906FD0B0075D84A /* Ernest Hemingway.png */,
				C443283D1906FD1A0075D84A /* Tennessee Williams.png */,
				C443283F1906FD3B0075D84A /* Monteleone entrance.png */,
				C44328411906FD460075D84A /* Monteleone clock.png */,
				C44328431906FD5A0075D84A /* Carousel Bar.png */,
				C443286E190806E30075D84A /* Truman Capote.png */,
				C4ACC8691CECDADE003A2196 /* Port Burgerold.png */,
				C4ACC86B1CECDAEC003A2196 /* Port Burgersm.png */,
				C4ACC86D1CECDAF9003A2196 /* Port St Peter.png */,
				C4ACC86F1CECDB07003A2196 /* PortStPetersmall.png */,
				C4ACC8731CEE4EDD003A2196 /* Alibi Bloody Mary.png */,
				C4ACC8751CEE4EF4003A2196 /* Irish Coffee.png */,
				C4ACC8771CEE4F0D003A2196 /* Port Burger.png */,
				C4ACC8791CEE4F1C003A2196 /* Two Sisters courtyard.png */,
			);
			name = Images;
			sourceTree = "<group>";
		};
/* End PBXGroup section */

/* Begin PBXNativeTarget section */
		1D6058900D05DD3D006BFB54 /* NYCHistory.temp_caseinsensitive_rename */ = {
			isa = PBXNativeTarget;
			buildConfigurationList = 1D6058960D05DD3E006BFB54 /* Build configuration list for PBXNativeTarget "NYCHistory.temp_caseinsensitive_rename" */;
			buildPhases = (
				1D60588D0D05DD3D006BFB54 /* Resources */,
				1D60588E0D05DD3D006BFB54 /* Sources */,
				1D60588F0D05DD3D006BFB54 /* Frameworks */,
			);
			buildRules = (
			);
			dependencies = (
			);
			name = NYCHistory.temp_caseinsensitive_rename;
			productName = foo;
			productReference = C432DC91120FAC0700D62684 /* NYCHistory.app */;
			productType = "com.apple.product-type.application";
		};
/* End PBXNativeTarget section */

/* Begin PBXProject section */
		29B97313FDCFA39411CA2CEA /* Project object */ = {
			isa = PBXProject;
			attributes = {
				LastUpgradeCheck = 0510;
				TargetAttributes = {
					1D6058900D05DD3D006BFB54 = {
						DevelopmentTeam = 5G4385EGEP;
					};
				};
			};
			buildConfigurationList = C01FCF4E08A954540054247B /* Build configuration list for PBXProject "NYCHistory" */;
			compatibilityVersion = "Xcode 3.2";
			developmentRegion = English;
			hasScannedForEncodings = 1;
			knownRegions = (
				English,
				Japanese,
				French,
				German,
				en,
			);
			mainGroup = 29B97314FDCFA39411CA2CEA /* Toolbar */;
			projectDirPath = "";
			projectRoot = "";
			targets = (
				1D6058900D05DD3D006BFB54 /* NYCHistory.temp_caseinsensitive_rename */,
			);
		};
/* End PBXProject section */

/* Begin PBXResourcesBuildPhase section */
		1D60588D0D05DD3D006BFB54 /* Resources */ = {
			isa = PBXResourcesBuildPhase;
			buildActionMask = 2147483647;
			files = (
				537204D70DC28C260048CDA2 /* MainWindow.xib in Resources */,
				C4ACC8781CEE4F0D003A2196 /* Port Burger.png in Resources */,
				537204DE0DC28C310048CDA2 /* Localizable.strings in Resources */,
				C44328591907F63E0075D84A /* nolac5.mp3 in Resources */,
				537204DF0DC28C310048CDA2 /* InfoPlist.strings in Resources */,
				C485173B11AF5C7900549246 /* PinDRed1.png in Resources */,
				C485173C11AF5C7900549246 /* PinDRed2.png in Resources */,
				C485173D11AF5C7900549246 /* PinDRed3.png in Resources */,
				C485173E11AF5C7900549246 /* PinDRed4.png in Resources */,
				C485173F11AF5C7900549246 /* PinDRed5.png in Resources */,
				C4ACC86C1CECDAEC003A2196 /* Port Burgersm.png in Resources */,
				C485174011AF5C7900549246 /* PinDRed6.png in Resources */,
				C485174111AF5C7900549246 /* PinDRed7.png in Resources */,
				C485174211AF5C7900549246 /* PinDRed8.png in Resources */,
				C485183B11B0A40500549246 /* Playbutton.png in Resources */,
				C44328611907FF9C0075D84A /* icon40.png in Resources */,
				C44328421906FD460075D84A /* Monteleone clock.png in Resources */,
				C4ACC8741CEE4EDE003A2196 /* Alibi Bloody Mary.png in Resources */,
				C485183D11B0A40F00549246 /* pausebutton.png in Resources */,
				C485184011B0A41C00549246 /* bp_btn1.png in Resources */,
				C443283E1906FD1A0075D84A /* Tennessee Williams.png in Resources */,
				C485184111B0A41C00549246 /* bp_btn2.png in Resources */,
				C485184311B0A42B00549246 /* volume_up.png in Resources */,
				C485184611B0A43B00549246 /* Infobutton.png in Resources */,
				C4851B2011B4864000549246 /* TableViewIcon.png in Resources */,
				C4851B2211B4864A00549246 /* MapViewIcon.png in Resources */,
				C4851C6811B5E19800549246 /* PageEightViewController.xib in Resources */,
				C4A5B8E111CC5D2C00BDE06F /* PageNineViewController.xib in Resources */,
				C4B1D0F511F3890500F3ACDA /* PinDRed9.png in Resources */,
				C432D96C1209024D00D62684 /* DirectionsViewController.xib in Resources */,
				C432D96D1209024D00D62684 /* HelpViewController.xib in Resources */,
				C432D96E1209024D00D62684 /* AboutViewController.xib in Resources */,
				C432D96F1209024D00D62684 /* HoursViewController.xib in Resources */,
				C432D9701209024D00D62684 /* TipsViewController.xib in Resources */,
				C432D9731209026300D62684 /* PageSixViewController.xib in Resources */,
				C432D9741209026300D62684 /* PageSevenViewController.xib in Resources */,
				C432D9D61209074A00D62684 /* nolahtable1.png in Resources */,
				C443284D1907F5F50075D84A /* nolac8.mp3 in Resources */,
				C432D9D71209074A00D62684 /* nolahtable2.png in Resources */,
				C432D9D81209074A00D62684 /* nolahtable3.png in Resources */,
				C432D9DA1209074A00D62684 /* nolahtable5.png in Resources */,
				C432D9DB1209074A00D62684 /* nolahtable6.png in Resources */,
				C432D9DC1209074A00D62684 /* nolahtable7.png in Resources */,
				C44328631907FFAB0075D84A /* icon58.png in Resources */,
				C4ACC8761CEE4EF4003A2196 /* Irish Coffee.png in Resources */,
				C443284F1907F6040075D84A /* nolac9.mp3 in Resources */,
				C432D9F8120CF1E100D62684 /* PageOneViewController.xib in Resources */,
				C432D9FC120CF22700D62684 /* PageTwoViewController.xib in Resources */,
				C432D9FF120CF26300D62684 /* PageThreeViewController.xib in Resources */,
				C432DA02120CF3C500D62684 /* PageFourViewController.xib in Resources */,
				C432DA05120CF42D00D62684 /* PageFiveViewController.xib in Resources */,
				C44328531907F61B0075D84A /* nolac10.mp3 in Resources */,
				C443287319082F7D0075D84A /* Default.png in Resources */,
				C432DA6A120CFB1700D62684 /* Seance Lounge.png in Resources */,
				C432DA77120CFB1700D62684 /* Statue of Jesus1.png in Resources */,
				C4ACC86E1CECDAF9003A2196 /* Port St Peter.png in Resources */,
				C443285B1907F6480075D84A /* nolac3.mp3 in Resources */,
				C4ACC8701CECDB07003A2196 /* PortStPetersmall.png in Resources */,
				C432DA89120CFB1700D62684 /* Jean Lafitte.png in Resources */,
				C432DA8B120CFB1700D62684 /* Old Absinthe Fire.png in Resources */,
				C432DACC120D03FA00D62684 /* nolahtable8.png in Resources */,
				C432DACE120D040400D62684 /* nolahtable10.png in Resources */,
				C44328671907FFC10075D84A /* icon80.png in Resources */,
				C44328401906FD3B0075D84A /* Monteleone entrance.png in Resources */,
				C432DAD6120D044400D62684 /* Kerry Exterior.png in Resources */,
				C443287119082F720075D84A /* Default-568h@2x.png in Resources */,
				C44328551907F6290075D84A /* nolac1.mp3 in Resources */,
				C443283A1906F8940075D84A /* PinDRed10.png in Resources */,
				C4ACC8681CECD970003A2196 /* nolac4.mp3 in Resources */,
				C443284B1907F5EA0075D84A /* nolac7.mp3 in Resources */,
				C451BAD7167639AA00EE2488 /* Alibi@2x.png in Resources */,
				C451BAD9167639C700EE2488 /* Absinthe Fireplace@2x.png in Resources */,
				C451BADD167639F900EE2488 /* Charm Gate Sign@2x.png in Resources */,
				C451BAE116763A9800EE2488 /* Charm Gate@2x.png in Resources */,
				C451BAE316763ABA00EE2488 /* Court of Two Sisters@2x.png in Resources */,
				C451BAE516763B2200EE2488 /* Faulkner House Books@2x.png in Resources */,
				C443286B1907FFD60075D84A /* icon152.png in Resources */,
				C44328381906F1ED0075D84A /* forward12.png in Resources */,
				C44328511907F60E0075D84A /* nolac6.mp3 in Resources */,
				C4ACC86A1CECDADE003A2196 /* Port Burgerold.png in Resources */,
				C44328491907F3C50075D84A /* PageTenViewController.xib in Resources */,
				C44328361906F1DF0075D84A /* back12.png in Resources */,
				C44328651907FFB70075D84A /* icon76.png in Resources */,
				C44328571907F6320075D84A /* nolac2.mp3 in Resources */,
				C451BAF516763BEF00EE2488 /* infoscreenbottles@2x.png in Resources */,
				C451BAF716763BFC00EE2488 /* InfoScreen.png in Resources */,
				C451BAF916763C0400EE2488 /* InfoScreen@2x.png in Resources */,
				C451BAFB16763C2200EE2488 /* Kerry Pub interior.png in Resources */,
				C451BAFD16763C2E00EE2488 /* Kerry Pub@2x.png in Resources */,
				C451BB0116763D3300EE2488 /* The Lafitte Brothers.png in Resources */,
				C451BB0316763D6F00EE2488 /* Lafitte's Blacksmith Shop@2x.png in Resources */,
				C451BB0516763D7F00EE2488 /* Lafitte's Fireplace@2x.png in Resources */,
				C44328441906FD5A0075D84A /* Carousel Bar.png in Resources */,
				C451BB0716763DEB00EE2488 /* Muriel's Balcony.png in Resources */,
				C451BB0916763DF600EE2488 /* Muriel's Seance Lounge.png in Resources */,
				C451BB0B16763E0100EE2488 /* Muriel's@2x.png in Resources */,
				C451BB0F16763E3100EE2488 /* Old Absinthe House@2x.png in Resources */,
				C443286F190806E30075D84A /* Truman Capote.png in Resources */,
				C451BB1116763E4300EE2488 /* Pat O's Bathroom@2x.png in Resources */,
				C451BB1316763E7800EE2488 /* Pat O's Courtyard@2x.png in Resources */,
				C451BB1516763EA500EE2488 /* Pat O'Brien's.png in Resources */,
				C451BB1916763EFE00EE2488 /* Piano Bar@2x.png in Resources */,
				C4ACC87A1CEE4F1C003A2196 /* Two Sisters courtyard.png in Resources */,
				C451BB1B16763F0B00EE2488 /* Pirate's Alley Cafe@2x.png in Resources */,
				C451BB1D16763F1B00EE2488 /* Pirate's Alley Lamp Post@2x.png in Resources */,
				C451BB2116763F5500EE2488 /* Statue of Jesus.png in Resources */,
				C4FC363E1676936C00CF7AD2 /* Icon-small.png in Resources */,
				C443283C1906FD0B0075D84A /* Ernest Hemingway.png in Resources */,
				C4FC36401676937500CF7AD2 /* Icon-small-50.png in Resources */,
				C4FC36421676938000CF7AD2 /* Icon.png in Resources */,
				C4FC36441676938900CF7AD2 /* Icon-72.png in Resources */,
				C44328691907FFCC0075D84A /* icon120.png in Resources */,
				C443285F1907FF3A0075D84A /* nolahtable9.png in Resources */,
				C4FC36461676939700CF7AD2 /* Icon@2x.png in Resources */,
				C4FC3648167693A500CF7AD2 /* Icon-72@2x.png in Resources */,
				C4FC364A167693B000CF7AD2 /* iTunesArtwork.png in Resources */,
				C4FC364C167693D200CF7AD2 /* iTunesArtwork@2x.png in Resources */,
				C4ACC87C1CEE5058003A2196 /* nolahtable4.png in Resources */,
				C4FC364E1676950C00CF7AD2 /* Icon114.png in Resources */,
				C4FC36501677A44200CF7AD2 /* InfoScreen-568h@2x.png in Resources */,
				C4C351F61677B3A70077F109 /* Default-568h@2xold.png in Resources */,
			);
			runOnlyForDeploymentPostprocessing = 0;
		};
/* End PBXResourcesBuildPhase section */

/* Begin PBXSourcesBuildPhase section */
		1D60588E0D05DD3D006BFB54 /* Sources */ = {
			isa = PBXSourcesBuildPhase;
			buildActionMask = 2147483647;
			files = (
				1D60589B0D05DD56006BFB54 /* main.m in Sources */,
				531F16A70D6367A3003D33FB /* PageTwoViewController.m in Sources */,
				531F16A80D6367A3003D33FB /* PageOneViewController.m in Sources */,
				531F16A90D6367A3003D33FB /* AppDelegate.m in Sources */,
				531F16AA0D6367A3003D33FB /* PageThreeViewController.m in Sources */,
				53A79EB90D70DF2A005FAC2C /* PageFourViewController.m in Sources */,
				538F313D0D9D5E6A0064A664 /* PageFiveViewController.m in Sources */,
				C485172B11AF5C6100549246 /* mapViewController.m in Sources */,
				C485173011AF5C6F00549246 /* wwAnnotation.m in Sources */,
				C485173111AF5C6F00549246 /* wwAnnotationView.m in Sources */,
				C4851C5411B5E14B00549246 /* PageSixViewController.m in Sources */,
				C4851C6711B5E19800549246 /* PageSevenViewController.m in Sources */,
				C4E93FB011BAB87F0021141A /* LargePhotoViewController.m in Sources */,
				C42BAF9C11BF316200D9F604 /* infoViewController.m in Sources */,
				C42BAFA811BF363000D9F604 /* TipsViewController.m in Sources */,
				C42BAFAD11BF363D00D9F604 /* DirectionsViewController.m in Sources */,
				C42BAFB211BF364900D9F604 /* HelpViewController.m in Sources */,
				C42BAFB711BF365400D9F604 /* AboutViewController.m in Sources */,
				C44328481907F3C50075D84A /* PageTenViewController.m in Sources */,
				C42BAFBC11BF365D00D9F604 /* HoursViewController.m in Sources */,
				C4A5B8E011CC5D2C00BDE06F /* PageEightViewController.m in Sources */,
				C40DC49111EC04FB009B0E8A /* PageNineViewController.m in Sources */,
				C432D9CE1209072300D62684 /* tableViewController.m in Sources */,
			);
			runOnlyForDeploymentPostprocessing = 0;
		};
/* End PBXSourcesBuildPhase section */

/* Begin PBXVariantGroup section */
		537204CE0DC28C260048CDA2 /* MainWindow.xib */ = {
			isa = PBXVariantGroup;
			children = (
				537204CF0DC28C260048CDA2 /* en */,
			);
			name = MainWindow.xib;
			sourceTree = "<group>";
		};
		537204DA0DC28C310048CDA2 /* Localizable.strings */ = {
			isa = PBXVariantGroup;
			children = (
				537204DB0DC28C310048CDA2 /* en */,
			);
			name = Localizable.strings;
			sourceTree = "<group>";
		};
		537204DC0DC28C310048CDA2 /* InfoPlist.strings */ = {
			isa = PBXVariantGroup;
			children = (
				537204DD0DC28C310048CDA2 /* en */,
			);
			name = InfoPlist.strings;
			sourceTree = "<group>";
		};
/* End PBXVariantGroup section */

/* Begin XCBuildConfiguration section */
		1D6058940D05DD3E006BFB54 /* Debug */ = {
			isa = XCBuildConfiguration;
			buildSettings = {
				CODE_SIGN_IDENTITY = "iPhone Developer: Bradley Rothrock (C6RC253926)";
				"CODE_SIGN_IDENTITY[sdk=iphoneos*]" = "iPhone Developer: Bradley Rothrock (C6RC253926)";
				COPY_PHASE_STRIP = NO;
				DEBUG_INFORMATION_FORMAT = "dwarf-with-dsym";
				GCC_DYNAMIC_NO_PIC = NO;
				GCC_OPTIMIZATION_LEVEL = 0;
				GCC_PRECOMPILE_PREFIX_HEADER = YES;
				GCC_PREFIX_HEADER = Prefix.pch;
				INFOPLIST_FILE = Info.plist;
				INSTALL_PATH = /Applications;
				IPHONEOS_DEPLOYMENT_TARGET = 6.0;
				PRODUCT_NAME = NYCHistory.temp_caseinsensitive_rename;
				PROVISIONING_PROFILE = "";
				"PROVISIONING_PROFILE[sdk=iphoneos*]" = "";
				WRAPPER_EXTENSION = app;
			};
			name = Debug;
		};
		1D6058950D05DD3E006BFB54 /* Release */ = {
			isa = XCBuildConfiguration;
			buildSettings = {
				CODE_SIGN_IDENTITY = "iPhone Developer: Bradley Rothrock (C6RC253926)";
				"CODE_SIGN_IDENTITY[sdk=iphoneos*]" = "iPhone Developer: Bradley Rothrock (C6RC253926)";
				COPY_PHASE_STRIP = YES;
				DEBUG_INFORMATION_FORMAT = "dwarf-with-dsym";
				GCC_PRECOMPILE_PREFIX_HEADER = YES;
				GCC_PREFIX_HEADER = Prefix.pch;
				INFOPLIST_FILE = Info.plist;
				INSTALL_PATH = /Applications;
				IPHONEOS_DEPLOYMENT_TARGET = 6.0;
				PRODUCT_NAME = NYCHistory.temp_caseinsensitive_rename;
				PROVISIONING_PROFILE = "";
				"PROVISIONING_PROFILE[sdk=iphoneos*]" = "";
				WRAPPER_EXTENSION = app;
			};
			name = Release;
		};
		C01FCF4F08A954540054247B /* Debug */ = {
			isa = XCBuildConfiguration;
			buildSettings = {
				ALWAYS_SEARCH_USER_PATHS = NO;
				CODE_SIGN_IDENTITY = "iPhone Developer: Bradley Rothrock (C6RC253926)";
				GCC_TREAT_WARNINGS_AS_ERRORS = NO;
				GCC_WARN_ABOUT_RETURN_TYPE = YES;
				GCC_WARN_UNUSED_VARIABLE = YES;
				IPHONEOS_DEPLOYMENT_TARGET = 6.0;
				ONLY_ACTIVE_ARCH = YES;
				PRODUCT_NAME = NYCHistory;
				SDKROOT = iphoneos;
				TARGETED_DEVICE_FAMILY = 1;
				VALID_ARCHS = "arm64 armv7 armv7s";
			};
			name = Debug;
		};
		C01FCF5008A954540054247B /* Release */ = {
			isa = XCBuildConfiguration;
			buildSettings = {
				ALWAYS_SEARCH_USER_PATHS = NO;
				CODE_SIGN_IDENTITY = "iPhone Developer: Bradley Rothrock (C6RC253926)";
				GCC_TREAT_WARNINGS_AS_ERRORS = NO;
				GCC_WARN_ABOUT_RETURN_TYPE = YES;
				GCC_WARN_UNUSED_VARIABLE = YES;
				IPHONEOS_DEPLOYMENT_TARGET = 6.0;
				SDKROOT = iphoneos;
				VALID_ARCHS = "arm64 armv7 armv7s";
			};
			name = Release;
		};
		C4F1095311E81469003EAFD2 /* Distribution */ = {
			isa = XCBuildConfiguration;
			buildSettings = {
				ALWAYS_SEARCH_USER_PATHS = NO;
				CODE_SIGN_IDENTITY = "iPhone Developer: Bradley Rothrock (C6RC253926)";
				GCC_TREAT_WARNINGS_AS_ERRORS = NO;
				GCC_WARN_ABOUT_RETURN_TYPE = YES;
				GCC_WARN_UNUSED_VARIABLE = YES;
				IPHONEOS_DEPLOYMENT_TARGET = 6.0;
				PRODUCT_NAME = NYCHistory;
				SDKROOT = iphoneos;
				TARGETED_DEVICE_FAMILY = 1;
				VALID_ARCHS = "arm64 armv7 armv7s";
			};
			name = Distribution;
		};
		C4F1095411E81469003EAFD2 /* Distribution */ = {
			isa = XCBuildConfiguration;
			buildSettings = {
				CODE_SIGN_IDENTITY = "iPhone Developer: Bradley Rothrock (C6RC253926)";
				"CODE_SIGN_IDENTITY[sdk=iphoneos*]" = "iPhone Developer: Bradley Rothrock (C6RC253926)";
				COPY_PHASE_STRIP = YES;
				DEBUG_INFORMATION_FORMAT = "dwarf-with-dsym";
				GCC_PRECOMPILE_PREFIX_HEADER = YES;
				GCC_PREFIX_HEADER = Prefix.pch;
				INFOPLIST_FILE = Info.plist;
				INSTALL_PATH = /Applications;
				IPHONEOS_DEPLOYMENT_TARGET = 6.0;
				PRODUCT_NAME = NYCHistory.temp_caseinsensitive_rename;
				PROVISIONING_PROFILE = "";
				"PROVISIONING_PROFILE[sdk=iphoneos*]" = "";
				WRAPPER_EXTENSION = app;
			};
			name = Distribution;
		};
/* End XCBuildConfiguration section */

/* Begin XCConfigurationList section */
		1D6058960D05DD3E006BFB54 /* Build configuration list for PBXNativeTarget "NYCHistory.temp_caseinsensitive_rename" */ = {
			isa = XCConfigurationList;
			buildConfigurations = (
				1D6058940D05DD3E006BFB54 /* Debug */,
				1D6058950D05DD3E006BFB54 /* Release */,
				C4F1095411E81469003EAFD2 /* Distribution */,
			);
			defaultConfigurationIsVisible = 0;
			defaultConfigurationName = Release;
		};
		C01FCF4E08A954540054247B /* Build configuration list for PBXProject "NYCHistory" */ = {
			isa = XCConfigurationList;
			buildConfigurations = (
				C01FCF4F08A954540054247B /* Debug */,
				C01FCF5008A954540054247B /* Release */,
				C4F1095311E81469003EAFD2 /* Distribution */,
			);
			defaultConfigurationIsVisible = 0;
			defaultConfigurationName = Release;
		};
/* End XCConfigurationList section */
	};
	rootObject = 29B97313FDCFA39411CA2CEA /* Project object */;
}
